
Microsoft Visual Studio Solution File, Format Version 12.00
# Visual Studio Version 16
VisualStudioVersion = 16.0.29215.179
MinimumVisualStudioVersion = 10.0.40219.1
Project("{FAE04EC0-301F-11D3-BF4B-00C04F79EFBC}") = "XJTLU-Timetable-UWP", "XJTLU-Timetable-UWP\XJTLU-Timetable-UWP.csproj", "{2BD8CBD9-3861-4FA9-9390-9635B878FE91}"
EndProject
Project("{FAE04EC0-301F-11D3-BF4B-00C04F79EFBC}") = "Timetable-UWPBackground", "Timetable-UWPBackground\Timetable-UWPBackground.csproj", "{ECE072A6-94B0-436B-A824-38356CFE34A8}"
EndProject
Project("{9A19103F-16F7-4668-BE54-9A1E7A4F7556}") = "Timetable-Core", "Timetable-Core\Timetable-Core.csproj", "{986DDE4B-5F41-4C40-93DB-17D5C764D29F}"
EndProject
Global
	GlobalSection(SolutionConfigurationPlatforms) = preSolution
		Debug|Any CPU = Debug|Any CPU
		Debug|ARM = Debug|ARM
		Debug|ARM64 = Debug|ARM64
		Debug|x64 = Debug|x64
		Debug|x86 = Debug|x86
		Release|Any CPU = Release|Any CPU
		Release|ARM = Release|ARM
		Release|ARM64 = Release|ARM64
		Release|x64 = Release|x64
		Release|x86 = Release|x86
	EndGlobalSection
	GlobalSection(ProjectConfigurationPlatforms) = postSolution
		{2BD8CBD9-3861-4FA9-9390-9635B878FE91}.Debug|Any CPU.ActiveCfg = Debug|x86
		{2BD8CBD9-3861-4FA9-9390-9635B878FE91}.Debug|ARM.ActiveCfg = Debug|ARM
		{2BD8CBD9-3861-4FA9-9390-9635B878FE91}.Debug|ARM.Build.0 = Debug|ARM
		{2BD8CBD9-3861-4FA9-9390-9635B878FE91}.Debug|ARM.Deploy.0 = Debug|ARM
		{2BD8CBD9-3861-4FA9-9390-9635B878FE91}.Debug|ARM64.ActiveCfg = Debug|ARM64
		{2BD8CBD9-3861-4FA9-9390-9635B878FE91}.Debug|ARM64.Build.0 = Debug|ARM64
		{2BD8CBD9-3861-4FA9-9390-9635B878FE91}.Debug|ARM64.Deploy.0 = Debug|ARM64
		{2BD8CBD9-3861-4FA9-9390-9635B878FE91}.Debug|x64.ActiveCfg = Debug|x64
		{2BD8CBD9-3861-4FA9-9390-9635B878FE91}.Debug|x64.Build.0 = Debug|x64
		{2BD8CBD9-3861-4FA9-9390-9635B878FE91}.Debug|x64.Deploy.0 = Debug|x64
		{2BD8CBD9-3861-4FA9-9390-9635B878FE91}.Debug|x86.ActiveCfg = Debug|x86
		{2BD8CBD9-3861-4FA9-9390-9635B878FE91}.Debug|x86.Build.0 = Debug|x86
		{2BD8CBD9-3861-4FA9-9390-9635B878FE91}.Debug|x86.Deploy.0 = Debug|x86
		{2BD8CBD9-3861-4FA9-9390-9635B878FE91}.Release|Any CPU.ActiveCfg = Release|x86
		{2BD8CBD9-3861-4FA9-9390-9635B878FE91}.Release|ARM.ActiveCfg = Release|ARM
		{2BD8CBD9-3861-4FA9-9390-9635B878FE91}.Release|ARM.Build.0 = Release|ARM
		{2BD8CBD9-3861-4FA9-9390-9635B878FE91}.Release|ARM.Deploy.0 = Release|ARM
		{2BD8CBD9-3861-4FA9-9390-9635B878FE91}.Release|ARM64.ActiveCfg = Release|ARM64
		{2BD8CBD9-3861-4FA9-9390-9635B878FE91}.Release|ARM64.Build.0 = Release|ARM64
		{2BD8CBD9-3861-4FA9-9390-9635B878FE91}.Release|ARM64.Deploy.0 = Release|ARM64
		{2BD8CBD9-3861-4FA9-9390-9635B878FE91}.Release|x64.ActiveCfg = Release|x64
		{2BD8CBD9-3861-4FA9-9390-9635B878FE91}.Release|x64.Build.0 = Release|x64
		{2BD8CBD9-3861-4FA9-9390-9635B878FE91}.Release|x64.Deploy.0 = Release|x64
		{2BD8CBD9-3861-4FA9-9390-9635B878FE91}.Release|x86.ActiveCfg = Release|x86
		{2BD8CBD9-3861-4FA9-9390-9635B878FE91}.Release|x86.Build.0 = Release|x86
		{2BD8CBD9-3861-4FA9-9390-9635B878FE91}.Release|x86.Deploy.0 = Release|x86
		{ECE072A6-94B0-436B-A824-38356CFE34A8}.Debug|Any CPU.ActiveCfg = Debug|Any CPU
		{ECE072A6-94B0-436B-A824-38356CFE34A8}.Debug|Any CPU.Build.0 = Debug|Any CPU
		{ECE072A6-94B0-436B-A824-38356CFE34A8}.Debug|ARM.ActiveCfg = Debug|ARM
		{ECE072A6-94B0-436B-A824-38356CFE34A8}.Debug|ARM.Build.0 = Debug|ARM
		{ECE072A6-94B0-436B-A824-38356CFE34A8}.Debug|ARM64.ActiveCfg = Debug|ARM64
		{ECE072A6-94B0-436B-A824-38356CFE34A8}.Debug|ARM64.Build.0 = Debug|ARM64
		{ECE072A6-94B0-436B-A824-38356CFE34A8}.Debug|x64.ActiveCfg = Debug|x64
		{ECE072A6-94B0-436B-A824-38356CFE34A8}.Debug|x64.Build.0 = Debug|x64
		{ECE072A6-94B0-436B-A824-38356CFE34A8}.Debug|x86.ActiveCfg = Debug|x86
		{ECE072A6-94B0-436B-A824-38356CFE34A8}.Debug|x86.Build.0 = Debug|x86
		{ECE072A6-94B0-436B-A824-38356CFE34A8}.Release|Any CPU.ActiveCfg = Release|Any CPU
		{ECE072A6-94B0-436B-A824-38356CFE34A8}.Release|Any CPU.Build.0 = Release|Any CPU
		{ECE072A6-94B0-436B-A824-38356CFE34A8}.Release|ARM.ActiveCfg = Release|ARM
		{ECE072A6-94B0-436B-A824-38356CFE34A8}.Release|ARM.Build.0 = Release|ARM
		{ECE072A6-94B0-436B-A824-38356CFE34A8}.Release|ARM64.ActiveCfg = Release|ARM64
		{ECE072A6-94B0-436B-A824-38356CFE34A8}.Release|ARM64.Build.0 = Release|ARM64
		{ECE072A6-94B0-436B-A824-38356CFE34A8}.Release|x64.ActiveCfg = Release|x64
		{ECE072A6-94B0-436B-A824-38356CFE34A8}.Release|x64.Build.0 = Release|x64
		{ECE072A6-94B0-436B-A824-38356CFE34A8}.Release|x86.ActiveCfg = Release|x86
		{ECE072A6-94B0-436B-A824-38356CFE34A8}.Release|x86.Build.0 = Release|x86
		{986DDE4B-5F41-4C40-93DB-17D5C764D29F}.Debug|Any CPU.ActiveCfg = Debug|Any CPU
		{986DDE4B-5F41-4C40-93DB-17D5C764D29F}.Debug|Any CPU.Build.0 = Debug|Any CPU
		{986DDE4B-5F41-4C40-93DB-17D5C764D29F}.Debug|ARM.ActiveCfg = Debug|Any CPU
		{986DDE4B-5F41-4C40-93DB-17D5C764D29F}.Debug|ARM.Build.0 = Debug|Any CPU
		{986DDE4B-5F41-4C40-93DB-17D5C764D29F}.Debug|ARM64.ActiveCfg = Debug|Any CPU
		{986DDE4B-5F41-4C40-93DB-17D5C764D29F}.Debug|ARM64.Build.0 = Debug|Any CPU
		{986DDE4B-5F41-4C40-93DB-17D5C764D29F}.Debug|x64.ActiveCfg = Debug|Any CPU
		{986DDE4B-5F41-4C40-93DB-17D5C764D29F}.Debug|x64.Build.0 = Debug|Any CPU
		{986DDE4B-5F41-4C40-93DB-17D5C764D29F}.Debug|x86.ActiveCfg = Debug|Any CPU
		{986DDE4B-5F41-4C40-93DB-17D5C764D29F}.Debug|x86.Build.0 = Debug|Any CPU
		{986DDE4B-5F41-4C40-93DB-17D5C764D29F}.Release|Any CPU.ActiveCfg = Release|Any CPU
		{986DDE4B-5F41-4C40-93DB-17D5C764D29F}.Release|Any CPU.Build.0 = Release|Any CPU
		{986DDE4B-5F41-4C40-93DB-17D5C764D29F}.Release|ARM.ActiveCfg = Release|Any CPU
		{986DDE4B-5F41-4C40-93DB-17D5C764D29F}.Release|ARM.Build.0 = Release|Any CPU
		{986DDE4B-5F41-4C40-93DB-17D5C764D29F}.Release|ARM64.ActiveCfg = Release|Any CPU
		{986DDE4B-5F41-4C40-93DB-17D5C764D29F}.Release|ARM64.Build.0 = Release|Any CPU
		{986DDE4B-5F41-4C40-93DB-17D5C764D29F}.Release|x64.ActiveCfg = Release|Any CPU
		{986DDE4B-5F41-4C40-93DB-17D5C764D29F}.Release|x64.Build.0 = Release|Any CPU
		{986DDE4B-5F41-4C40-93DB-17D5C764D29F}.Release|x86.ActiveCfg = Release|Any CPU
		{986DDE4B-5F41-4C40-93DB-17D5C764D29F}.Release|x86.Build.0 = Release|Any CPU
	EndGlobalSection
	GlobalSection(SolutionProperties) = preSolution
		HideSolutionNode = FALSE
	EndGlobalSection
	GlobalSection(ExtensibilityGlobals) = postSolution
		SolutionGuid = {2B016D4E-36BD-4740-960A-C501AD0FB5C6}
	EndGlobalSection
EndGlobal
