
Microsoft Visual Studio Solution File, Format Version 12.00
# Visual Studio Version 16
VisualStudioVersion = 16.0.29215.179
MinimumVisualStudioVersion = 10.0.40219.1
Project("{FAE04EC0-301F-11D3-BF4B-00C04F79EFBC}") = "XJTLU-Timetable-UWP", "XJTLU-Timetable-UWP\XJTLU-Timetable-UWP.csproj", "{2BD8CBD9-3861-4FA9-9390-9635B878FE91}"
EndProject
Project("{FAE04EC0-301F-11D3-BF4B-00C04F79EFBC}") = "Timetable-UWPBackground", "Timetable-UWPBackground\Timetable-UWPBackground.csproj", "{ECE072A6-94B0-436B-A824-38356CFE34A8}"
EndProject
Project("{9A19103F-16F7-4668-BE54-9A1E7A4F7556}") = "Timetable-Core", "Timetable-Core\Timetable-Core.csproj", "{986DDE4B-5F41-4C40-93DB-17D5C764D29F}"
EndProject
Project("{FAE04EC0-301F-11D3-BF4B-00C04F79EFBC}") = "Timetable-UWPCacheManager", "Timetable-UWPCacheManager\Timetable-UWPCacheManager.csproj", "{C07AC969-5F5E-4D2F-AFAD-BD5183A622F9}"
EndProject
Project("{FAE04EC0-301F-11D3-BF4B-00C04F79EFBC}") = "Timetable.UWP", "Timetable\Timetable.UWP\Timetable.UWP.csproj", "{18EE9300-343E-405E-A29C-B2ECF4455D8B}"
EndProject
Project("{FAE04EC0-301F-11D3-BF4B-00C04F79EFBC}") = "Timetable.Android", "Timetable\Timetable.Android\Timetable.Android.csproj", "{637A6B0A-49F9-4FEF-BADD-B3EA9F06C7B4}"
EndProject
Project("{FAE04EC0-301F-11D3-BF4B-00C04F79EFBC}") = "Timetable.iOS", "Timetable\Timetable.iOS\Timetable.iOS.csproj", "{665BA909-1EE0-47FA-B014-D66BC0BB0F7E}"
EndProject
Project("{FAE04EC0-301F-11D3-BF4B-00C04F79EFBC}") = "Timetable", "Timetable\Timetable\Timetable.csproj", "{2E329EFD-E7B1-494B-894C-4C0757557A0C}"
EndProject
Global
	GlobalSection(SolutionConfigurationPlatforms) = preSolution
		Debug|Any CPU = Debug|Any CPU
		Debug|ARM = Debug|ARM
		Debug|ARM64 = Debug|ARM64
		Debug|iPhone = Debug|iPhone
		Debug|iPhoneSimulator = Debug|iPhoneSimulator
		Debug|x64 = Debug|x64
		Debug|x86 = Debug|x86
		Release|Any CPU = Release|Any CPU
		Release|ARM = Release|ARM
		Release|ARM64 = Release|ARM64
		Release|iPhone = Release|iPhone
		Release|iPhoneSimulator = Release|iPhoneSimulator
		Release|x64 = Release|x64
		Release|x86 = Release|x86
	EndGlobalSection
	GlobalSection(ProjectConfigurationPlatforms) = postSolution
		{2BD8CBD9-3861-4FA9-9390-9635B878FE91}.Debug|Any CPU.ActiveCfg = Debug|x86
		{2BD8CBD9-3861-4FA9-9390-9635B878FE91}.Debug|ARM.ActiveCfg = Debug|ARM
		{2BD8CBD9-3861-4FA9-9390-9635B878FE91}.Debug|ARM.Build.0 = Debug|ARM
		{2BD8CBD9-3861-4FA9-9390-9635B878FE91}.Debug|ARM.Deploy.0 = Debug|ARM
		{2BD8CBD9-3861-4FA9-9390-9635B878FE91}.Debug|ARM64.ActiveCfg = Debug|ARM64
		{2BD8CBD9-3861-4FA9-9390-9635B878FE91}.Debug|ARM64.Build.0 = Debug|ARM64
		{2BD8CBD9-3861-4FA9-9390-9635B878FE91}.Debug|ARM64.Deploy.0 = Debug|ARM64
		{2BD8CBD9-3861-4FA9-9390-9635B878FE91}.Debug|iPhone.ActiveCfg = Debug|x86
		{2BD8CBD9-3861-4FA9-9390-9635B878FE91}.Debug|iPhoneSimulator.ActiveCfg = Debug|x86
		{2BD8CBD9-3861-4FA9-9390-9635B878FE91}.Debug|x64.ActiveCfg = Debug|x64
		{2BD8CBD9-3861-4FA9-9390-9635B878FE91}.Debug|x64.Build.0 = Debug|x64
		{2BD8CBD9-3861-4FA9-9390-9635B878FE91}.Debug|x64.Deploy.0 = Debug|x64
		{2BD8CBD9-3861-4FA9-9390-9635B878FE91}.Debug|x86.ActiveCfg = Debug|x86
		{2BD8CBD9-3861-4FA9-9390-9635B878FE91}.Debug|x86.Build.0 = Debug|x86
		{2BD8CBD9-3861-4FA9-9390-9635B878FE91}.Debug|x86.Deploy.0 = Debug|x86
		{2BD8CBD9-3861-4FA9-9390-9635B878FE91}.Release|Any CPU.ActiveCfg = Release|x86
		{2BD8CBD9-3861-4FA9-9390-9635B878FE91}.Release|ARM.ActiveCfg = Release|ARM
		{2BD8CBD9-3861-4FA9-9390-9635B878FE91}.Release|ARM.Build.0 = Release|ARM
		{2BD8CBD9-3861-4FA9-9390-9635B878FE91}.Release|ARM.Deploy.0 = Release|ARM
		{2BD8CBD9-3861-4FA9-9390-9635B878FE91}.Release|ARM64.ActiveCfg = Release|ARM64
		{2BD8CBD9-3861-4FA9-9390-9635B878FE91}.Release|ARM64.Build.0 = Release|ARM64
		{2BD8CBD9-3861-4FA9-9390-9635B878FE91}.Release|ARM64.Deploy.0 = Release|ARM64
		{2BD8CBD9-3861-4FA9-9390-9635B878FE91}.Release|iPhone.ActiveCfg = Release|x86
		{2BD8CBD9-3861-4FA9-9390-9635B878FE91}.Release|iPhoneSimulator.ActiveCfg = Release|x86
		{2BD8CBD9-3861-4FA9-9390-9635B878FE91}.Release|x64.ActiveCfg = Release|x64
		{2BD8CBD9-3861-4FA9-9390-9635B878FE91}.Release|x64.Build.0 = Release|x64
		{2BD8CBD9-3861-4FA9-9390-9635B878FE91}.Release|x64.Deploy.0 = Release|x64
		{2BD8CBD9-3861-4FA9-9390-9635B878FE91}.Release|x86.ActiveCfg = Release|x86
		{2BD8CBD9-3861-4FA9-9390-9635B878FE91}.Release|x86.Build.0 = Release|x86
		{2BD8CBD9-3861-4FA9-9390-9635B878FE91}.Release|x86.Deploy.0 = Release|x86
		{ECE072A6-94B0-436B-A824-38356CFE34A8}.Debug|Any CPU.ActiveCfg = Debug|Any CPU
		{ECE072A6-94B0-436B-A824-38356CFE34A8}.Debug|Any CPU.Build.0 = Debug|Any CPU
		{ECE072A6-94B0-436B-A824-38356CFE34A8}.Debug|ARM.ActiveCfg = Debug|ARM
		{ECE072A6-94B0-436B-A824-38356CFE34A8}.Debug|ARM.Build.0 = Debug|ARM
		{ECE072A6-94B0-436B-A824-38356CFE34A8}.Debug|ARM64.ActiveCfg = Debug|ARM64
		{ECE072A6-94B0-436B-A824-38356CFE34A8}.Debug|ARM64.Build.0 = Debug|ARM64
		{ECE072A6-94B0-436B-A824-38356CFE34A8}.Debug|iPhone.ActiveCfg = Debug|Any CPU
		{ECE072A6-94B0-436B-A824-38356CFE34A8}.Debug|iPhone.Build.0 = Debug|Any CPU
		{ECE072A6-94B0-436B-A824-38356CFE34A8}.Debug|iPhoneSimulator.ActiveCfg = Debug|Any CPU
		{ECE072A6-94B0-436B-A824-38356CFE34A8}.Debug|iPhoneSimulator.Build.0 = Debug|Any CPU
		{ECE072A6-94B0-436B-A824-38356CFE34A8}.Debug|x64.ActiveCfg = Debug|x64
		{ECE072A6-94B0-436B-A824-38356CFE34A8}.Debug|x64.Build.0 = Debug|x64
		{ECE072A6-94B0-436B-A824-38356CFE34A8}.Debug|x86.ActiveCfg = Debug|x86
		{ECE072A6-94B0-436B-A824-38356CFE34A8}.Debug|x86.Build.0 = Debug|x86
		{ECE072A6-94B0-436B-A824-38356CFE34A8}.Release|Any CPU.ActiveCfg = Release|Any CPU
		{ECE072A6-94B0-436B-A824-38356CFE34A8}.Release|Any CPU.Build.0 = Release|Any CPU
		{ECE072A6-94B0-436B-A824-38356CFE34A8}.Release|ARM.ActiveCfg = Release|ARM
		{ECE072A6-94B0-436B-A824-38356CFE34A8}.Release|ARM.Build.0 = Release|ARM
		{ECE072A6-94B0-436B-A824-38356CFE34A8}.Release|ARM64.ActiveCfg = Release|ARM64
		{ECE072A6-94B0-436B-A824-38356CFE34A8}.Release|ARM64.Build.0 = Release|ARM64
		{ECE072A6-94B0-436B-A824-38356CFE34A8}.Release|iPhone.ActiveCfg = Release|Any CPU
		{ECE072A6-94B0-436B-A824-38356CFE34A8}.Release|iPhone.Build.0 = Release|Any CPU
		{ECE072A6-94B0-436B-A824-38356CFE34A8}.Release|iPhoneSimulator.ActiveCfg = Release|Any CPU
		{ECE072A6-94B0-436B-A824-38356CFE34A8}.Release|iPhoneSimulator.Build.0 = Release|Any CPU
		{ECE072A6-94B0-436B-A824-38356CFE34A8}.Release|x64.ActiveCfg = Release|x64
		{ECE072A6-94B0-436B-A824-38356CFE34A8}.Release|x64.Build.0 = Release|x64
		{ECE072A6-94B0-436B-A824-38356CFE34A8}.Release|x86.ActiveCfg = Release|x86
		{ECE072A6-94B0-436B-A824-38356CFE34A8}.Release|x86.Build.0 = Release|x86
		{986DDE4B-5F41-4C40-93DB-17D5C764D29F}.Debug|Any CPU.ActiveCfg = Debug|Any CPU
		{986DDE4B-5F41-4C40-93DB-17D5C764D29F}.Debug|Any CPU.Build.0 = Debug|Any CPU
		{986DDE4B-5F41-4C40-93DB-17D5C764D29F}.Debug|ARM.ActiveCfg = Debug|Any CPU
		{986DDE4B-5F41-4C40-93DB-17D5C764D29F}.Debug|ARM.Build.0 = Debug|Any CPU
		{986DDE4B-5F41-4C40-93DB-17D5C764D29F}.Debug|ARM64.ActiveCfg = Debug|Any CPU
		{986DDE4B-5F41-4C40-93DB-17D5C764D29F}.Debug|ARM64.Build.0 = Debug|Any CPU
		{986DDE4B-5F41-4C40-93DB-17D5C764D29F}.Debug|iPhone.ActiveCfg = Debug|Any CPU
		{986DDE4B-5F41-4C40-93DB-17D5C764D29F}.Debug|iPhone.Build.0 = Debug|Any CPU
		{986DDE4B-5F41-4C40-93DB-17D5C764D29F}.Debug|iPhoneSimulator.ActiveCfg = Debug|Any CPU
		{986DDE4B-5F41-4C40-93DB-17D5C764D29F}.Debug|iPhoneSimulator.Build.0 = Debug|Any CPU
		{986DDE4B-5F41-4C40-93DB-17D5C764D29F}.Debug|x64.ActiveCfg = Debug|Any CPU
		{986DDE4B-5F41-4C40-93DB-17D5C764D29F}.Debug|x64.Build.0 = Debug|Any CPU
		{986DDE4B-5F41-4C40-93DB-17D5C764D29F}.Debug|x86.ActiveCfg = Debug|Any CPU
		{986DDE4B-5F41-4C40-93DB-17D5C764D29F}.Debug|x86.Build.0 = Debug|Any CPU
		{986DDE4B-5F41-4C40-93DB-17D5C764D29F}.Release|Any CPU.ActiveCfg = Release|Any CPU
		{986DDE4B-5F41-4C40-93DB-17D5C764D29F}.Release|Any CPU.Build.0 = Release|Any CPU
		{986DDE4B-5F41-4C40-93DB-17D5C764D29F}.Release|ARM.ActiveCfg = Release|Any CPU
		{986DDE4B-5F41-4C40-93DB-17D5C764D29F}.Release|ARM.Build.0 = Release|Any CPU
		{986DDE4B-5F41-4C40-93DB-17D5C764D29F}.Release|ARM64.ActiveCfg = Release|Any CPU
		{986DDE4B-5F41-4C40-93DB-17D5C764D29F}.Release|ARM64.Build.0 = Release|Any CPU
		{986DDE4B-5F41-4C40-93DB-17D5C764D29F}.Release|iPhone.ActiveCfg = Release|Any CPU
		{986DDE4B-5F41-4C40-93DB-17D5C764D29F}.Release|iPhone.Build.0 = Release|Any CPU
		{986DDE4B-5F41-4C40-93DB-17D5C764D29F}.Release|iPhoneSimulator.ActiveCfg = Release|Any CPU
		{986DDE4B-5F41-4C40-93DB-17D5C764D29F}.Release|iPhoneSimulator.Build.0 = Release|Any CPU
		{986DDE4B-5F41-4C40-93DB-17D5C764D29F}.Release|x64.ActiveCfg = Release|Any CPU
		{986DDE4B-5F41-4C40-93DB-17D5C764D29F}.Release|x64.Build.0 = Release|Any CPU
		{986DDE4B-5F41-4C40-93DB-17D5C764D29F}.Release|x86.ActiveCfg = Release|Any CPU
		{986DDE4B-5F41-4C40-93DB-17D5C764D29F}.Release|x86.Build.0 = Release|Any CPU
		{C07AC969-5F5E-4D2F-AFAD-BD5183A622F9}.Debug|Any CPU.ActiveCfg = Debug|Any CPU
		{C07AC969-5F5E-4D2F-AFAD-BD5183A622F9}.Debug|Any CPU.Build.0 = Debug|Any CPU
		{C07AC969-5F5E-4D2F-AFAD-BD5183A622F9}.Debug|ARM.ActiveCfg = Debug|ARM
		{C07AC969-5F5E-4D2F-AFAD-BD5183A622F9}.Debug|ARM.Build.0 = Debug|ARM
		{C07AC969-5F5E-4D2F-AFAD-BD5183A622F9}.Debug|ARM64.ActiveCfg = Debug|ARM64
		{C07AC969-5F5E-4D2F-AFAD-BD5183A622F9}.Debug|ARM64.Build.0 = Debug|ARM64
		{C07AC969-5F5E-4D2F-AFAD-BD5183A622F9}.Debug|iPhone.ActiveCfg = Debug|Any CPU
		{C07AC969-5F5E-4D2F-AFAD-BD5183A622F9}.Debug|iPhone.Build.0 = Debug|Any CPU
		{C07AC969-5F5E-4D2F-AFAD-BD5183A622F9}.Debug|iPhoneSimulator.ActiveCfg = Debug|Any CPU
		{C07AC969-5F5E-4D2F-AFAD-BD5183A622F9}.Debug|iPhoneSimulator.Build.0 = Debug|Any CPU
		{C07AC969-5F5E-4D2F-AFAD-BD5183A622F9}.Debug|x64.ActiveCfg = Debug|x64
		{C07AC969-5F5E-4D2F-AFAD-BD5183A622F9}.Debug|x64.Build.0 = Debug|x64
		{C07AC969-5F5E-4D2F-AFAD-BD5183A622F9}.Debug|x86.ActiveCfg = Debug|x86
		{C07AC969-5F5E-4D2F-AFAD-BD5183A622F9}.Debug|x86.Build.0 = Debug|x86
		{C07AC969-5F5E-4D2F-AFAD-BD5183A622F9}.Release|Any CPU.ActiveCfg = Release|Any CPU
		{C07AC969-5F5E-4D2F-AFAD-BD5183A622F9}.Release|Any CPU.Build.0 = Release|Any CPU
		{C07AC969-5F5E-4D2F-AFAD-BD5183A622F9}.Release|ARM.ActiveCfg = Release|ARM
		{C07AC969-5F5E-4D2F-AFAD-BD5183A622F9}.Release|ARM.Build.0 = Release|ARM
		{C07AC969-5F5E-4D2F-AFAD-BD5183A622F9}.Release|ARM64.ActiveCfg = Release|ARM64
		{C07AC969-5F5E-4D2F-AFAD-BD5183A622F9}.Release|ARM64.Build.0 = Release|ARM64
		{C07AC969-5F5E-4D2F-AFAD-BD5183A622F9}.Release|iPhone.ActiveCfg = Release|Any CPU
		{C07AC969-5F5E-4D2F-AFAD-BD5183A622F9}.Release|iPhone.Build.0 = Release|Any CPU
		{C07AC969-5F5E-4D2F-AFAD-BD5183A622F9}.Release|iPhoneSimulator.ActiveCfg = Release|Any CPU
		{C07AC969-5F5E-4D2F-AFAD-BD5183A622F9}.Release|iPhoneSimulator.Build.0 = Release|Any CPU
		{C07AC969-5F5E-4D2F-AFAD-BD5183A622F9}.Release|x64.ActiveCfg = Release|x64
		{C07AC969-5F5E-4D2F-AFAD-BD5183A622F9}.Release|x64.Build.0 = Release|x64
		{C07AC969-5F5E-4D2F-AFAD-BD5183A622F9}.Release|x86.ActiveCfg = Release|x86
		{C07AC969-5F5E-4D2F-AFAD-BD5183A622F9}.Release|x86.Build.0 = Release|x86
		{18EE9300-343E-405E-A29C-B2ECF4455D8B}.Debug|Any CPU.ActiveCfg = Debug|x86
		{18EE9300-343E-405E-A29C-B2ECF4455D8B}.Debug|ARM.ActiveCfg = Debug|ARM
		{18EE9300-343E-405E-A29C-B2ECF4455D8B}.Debug|ARM.Build.0 = Debug|ARM
		{18EE9300-343E-405E-A29C-B2ECF4455D8B}.Debug|ARM.Deploy.0 = Debug|ARM
		{18EE9300-343E-405E-A29C-B2ECF4455D8B}.Debug|ARM64.ActiveCfg = Debug|x86
		{18EE9300-343E-405E-A29C-B2ECF4455D8B}.Debug|iPhone.ActiveCfg = Debug|x86
		{18EE9300-343E-405E-A29C-B2ECF4455D8B}.Debug|iPhoneSimulator.ActiveCfg = Debug|x86
		{18EE9300-343E-405E-A29C-B2ECF4455D8B}.Debug|x64.ActiveCfg = Debug|x64
		{18EE9300-343E-405E-A29C-B2ECF4455D8B}.Debug|x64.Build.0 = Debug|x64
		{18EE9300-343E-405E-A29C-B2ECF4455D8B}.Debug|x64.Deploy.0 = Debug|x64
		{18EE9300-343E-405E-A29C-B2ECF4455D8B}.Debug|x86.ActiveCfg = Debug|x86
		{18EE9300-343E-405E-A29C-B2ECF4455D8B}.Debug|x86.Build.0 = Debug|x86
		{18EE9300-343E-405E-A29C-B2ECF4455D8B}.Debug|x86.Deploy.0 = Debug|x86
		{18EE9300-343E-405E-A29C-B2ECF4455D8B}.Release|Any CPU.ActiveCfg = Release|x86
		{18EE9300-343E-405E-A29C-B2ECF4455D8B}.Release|ARM.ActiveCfg = Release|ARM
		{18EE9300-343E-405E-A29C-B2ECF4455D8B}.Release|ARM.Build.0 = Release|ARM
		{18EE9300-343E-405E-A29C-B2ECF4455D8B}.Release|ARM.Deploy.0 = Release|ARM
		{18EE9300-343E-405E-A29C-B2ECF4455D8B}.Release|ARM64.ActiveCfg = Release|x86
		{18EE9300-343E-405E-A29C-B2ECF4455D8B}.Release|iPhone.ActiveCfg = Release|x86
		{18EE9300-343E-405E-A29C-B2ECF4455D8B}.Release|iPhoneSimulator.ActiveCfg = Release|x86
		{18EE9300-343E-405E-A29C-B2ECF4455D8B}.Release|x64.ActiveCfg = Release|x64
		{18EE9300-343E-405E-A29C-B2ECF4455D8B}.Release|x64.Build.0 = Release|x64
		{18EE9300-343E-405E-A29C-B2ECF4455D8B}.Release|x64.Deploy.0 = Release|x64
		{18EE9300-343E-405E-A29C-B2ECF4455D8B}.Release|x86.ActiveCfg = Release|x86
		{18EE9300-343E-405E-A29C-B2ECF4455D8B}.Release|x86.Build.0 = Release|x86
		{18EE9300-343E-405E-A29C-B2ECF4455D8B}.Release|x86.Deploy.0 = Release|x86
		{637A6B0A-49F9-4FEF-BADD-B3EA9F06C7B4}.Debug|Any CPU.ActiveCfg = Debug|Any CPU
		{637A6B0A-49F9-4FEF-BADD-B3EA9F06C7B4}.Debug|Any CPU.Build.0 = Debug|Any CPU
		{637A6B0A-49F9-4FEF-BADD-B3EA9F06C7B4}.Debug|Any CPU.Deploy.0 = Debug|Any CPU
		{637A6B0A-49F9-4FEF-BADD-B3EA9F06C7B4}.Debug|ARM.ActiveCfg = Debug|Any CPU
		{637A6B0A-49F9-4FEF-BADD-B3EA9F06C7B4}.Debug|ARM.Build.0 = Debug|Any CPU
		{637A6B0A-49F9-4FEF-BADD-B3EA9F06C7B4}.Debug|ARM.Deploy.0 = Debug|Any CPU
		{637A6B0A-49F9-4FEF-BADD-B3EA9F06C7B4}.Debug|ARM64.ActiveCfg = Debug|Any CPU
		{637A6B0A-49F9-4FEF-BADD-B3EA9F06C7B4}.Debug|ARM64.Build.0 = Debug|Any CPU
		{637A6B0A-49F9-4FEF-BADD-B3EA9F06C7B4}.Debug|ARM64.Deploy.0 = Debug|Any CPU
		{637A6B0A-49F9-4FEF-BADD-B3EA9F06C7B4}.Debug|iPhone.ActiveCfg = Debug|Any CPU
		{637A6B0A-49F9-4FEF-BADD-B3EA9F06C7B4}.Debug|iPhone.Build.0 = Debug|Any CPU
		{637A6B0A-49F9-4FEF-BADD-B3EA9F06C7B4}.Debug|iPhone.Deploy.0 = Debug|Any CPU
		{637A6B0A-49F9-4FEF-BADD-B3EA9F06C7B4}.Debug|iPhoneSimulator.ActiveCfg = Debug|Any CPU
		{637A6B0A-49F9-4FEF-BADD-B3EA9F06C7B4}.Debug|iPhoneSimulator.Build.0 = Debug|Any CPU
		{637A6B0A-49F9-4FEF-BADD-B3EA9F06C7B4}.Debug|iPhoneSimulator.Deploy.0 = Debug|Any CPU
		{637A6B0A-49F9-4FEF-BADD-B3EA9F06C7B4}.Debug|x64.ActiveCfg = Debug|Any CPU
		{637A6B0A-49F9-4FEF-BADD-B3EA9F06C7B4}.Debug|x64.Build.0 = Debug|Any CPU
		{637A6B0A-49F9-4FEF-BADD-B3EA9F06C7B4}.Debug|x64.Deploy.0 = Debug|Any CPU
		{637A6B0A-49F9-4FEF-BADD-B3EA9F06C7B4}.Debug|x86.ActiveCfg = Debug|Any CPU
		{637A6B0A-49F9-4FEF-BADD-B3EA9F06C7B4}.Debug|x86.Build.0 = Debug|Any CPU
		{637A6B0A-49F9-4FEF-BADD-B3EA9F06C7B4}.Debug|x86.Deploy.0 = Debug|Any CPU
		{637A6B0A-49F9-4FEF-BADD-B3EA9F06C7B4}.Release|Any CPU.ActiveCfg = Release|Any CPU
		{637A6B0A-49F9-4FEF-BADD-B3EA9F06C7B4}.Release|Any CPU.Build.0 = Release|Any CPU
		{637A6B0A-49F9-4FEF-BADD-B3EA9F06C7B4}.Release|Any CPU.Deploy.0 = Release|Any CPU
		{637A6B0A-49F9-4FEF-BADD-B3EA9F06C7B4}.Release|ARM.ActiveCfg = Release|Any CPU
		{637A6B0A-49F9-4FEF-BADD-B3EA9F06C7B4}.Release|ARM.Build.0 = Release|Any CPU
		{637A6B0A-49F9-4FEF-BADD-B3EA9F06C7B4}.Release|ARM.Deploy.0 = Release|Any CPU
		{637A6B0A-49F9-4FEF-BADD-B3EA9F06C7B4}.Release|ARM64.ActiveCfg = Release|Any CPU
		{637A6B0A-49F9-4FEF-BADD-B3EA9F06C7B4}.Release|ARM64.Build.0 = Release|Any CPU
		{637A6B0A-49F9-4FEF-BADD-B3EA9F06C7B4}.Release|ARM64.Deploy.0 = Release|Any CPU
		{637A6B0A-49F9-4FEF-BADD-B3EA9F06C7B4}.Release|iPhone.ActiveCfg = Release|Any CPU
		{637A6B0A-49F9-4FEF-BADD-B3EA9F06C7B4}.Release|iPhone.Build.0 = Release|Any CPU
		{637A6B0A-49F9-4FEF-BADD-B3EA9F06C7B4}.Release|iPhone.Deploy.0 = Release|Any CPU
		{637A6B0A-49F9-4FEF-BADD-B3EA9F06C7B4}.Release|iPhoneSimulator.ActiveCfg = Release|Any CPU
		{637A6B0A-49F9-4FEF-BADD-B3EA9F06C7B4}.Release|iPhoneSimulator.Build.0 = Release|Any CPU
		{637A6B0A-49F9-4FEF-BADD-B3EA9F06C7B4}.Release|iPhoneSimulator.Deploy.0 = Release|Any CPU
		{637A6B0A-49F9-4FEF-BADD-B3EA9F06C7B4}.Release|x64.ActiveCfg = Release|Any CPU
		{637A6B0A-49F9-4FEF-BADD-B3EA9F06C7B4}.Release|x64.Build.0 = Release|Any CPU
		{637A6B0A-49F9-4FEF-BADD-B3EA9F06C7B4}.Release|x64.Deploy.0 = Release|Any CPU
		{637A6B0A-49F9-4FEF-BADD-B3EA9F06C7B4}.Release|x86.ActiveCfg = Release|Any CPU
		{637A6B0A-49F9-4FEF-BADD-B3EA9F06C7B4}.Release|x86.Build.0 = Release|Any CPU
		{637A6B0A-49F9-4FEF-BADD-B3EA9F06C7B4}.Release|x86.Deploy.0 = Release|Any CPU
		{665BA909-1EE0-47FA-B014-D66BC0BB0F7E}.Debug|Any CPU.ActiveCfg = Debug|iPhone
		{665BA909-1EE0-47FA-B014-D66BC0BB0F7E}.Debug|ARM.ActiveCfg = Debug|iPhone
		{665BA909-1EE0-47FA-B014-D66BC0BB0F7E}.Debug|ARM64.ActiveCfg = Debug|iPhone
		{665BA909-1EE0-47FA-B014-D66BC0BB0F7E}.Debug|iPhone.ActiveCfg = Debug|iPhone
		{665BA909-1EE0-47FA-B014-D66BC0BB0F7E}.Debug|iPhone.Build.0 = Debug|iPhone
		{665BA909-1EE0-47FA-B014-D66BC0BB0F7E}.Debug|iPhoneSimulator.ActiveCfg = Debug|iPhoneSimulator
		{665BA909-1EE0-47FA-B014-D66BC0BB0F7E}.Debug|iPhoneSimulator.Build.0 = Debug|iPhoneSimulator
		{665BA909-1EE0-47FA-B014-D66BC0BB0F7E}.Debug|x64.ActiveCfg = Debug|iPhone
		{665BA909-1EE0-47FA-B014-D66BC0BB0F7E}.Debug|x86.ActiveCfg = Debug|iPhone
		{665BA909-1EE0-47FA-B014-D66BC0BB0F7E}.Release|Any CPU.ActiveCfg = Release|iPhone
		{665BA909-1EE0-47FA-B014-D66BC0BB0F7E}.Release|ARM.ActiveCfg = Release|iPhone
		{665BA909-1EE0-47FA-B014-D66BC0BB0F7E}.Release|ARM64.ActiveCfg = Release|iPhone
		{665BA909-1EE0-47FA-B014-D66BC0BB0F7E}.Release|iPhone.ActiveCfg = Release|iPhone
		{665BA909-1EE0-47FA-B014-D66BC0BB0F7E}.Release|iPhone.Build.0 = Release|iPhone
		{665BA909-1EE0-47FA-B014-D66BC0BB0F7E}.Release|iPhoneSimulator.ActiveCfg = Release|iPhoneSimulator
		{665BA909-1EE0-47FA-B014-D66BC0BB0F7E}.Release|iPhoneSimulator.Build.0 = Release|iPhoneSimulator
		{665BA909-1EE0-47FA-B014-D66BC0BB0F7E}.Release|x64.ActiveCfg = Release|iPhone
		{665BA909-1EE0-47FA-B014-D66BC0BB0F7E}.Release|x86.ActiveCfg = Release|iPhone
		{2E329EFD-E7B1-494B-894C-4C0757557A0C}.Debug|Any CPU.ActiveCfg = Debug|Any CPU
		{2E329EFD-E7B1-494B-894C-4C0757557A0C}.Debug|Any CPU.Build.0 = Debug|Any CPU
		{2E329EFD-E7B1-494B-894C-4C0757557A0C}.Debug|ARM.ActiveCfg = Debug|Any CPU
		{2E329EFD-E7B1-494B-894C-4C0757557A0C}.Debug|ARM.Build.0 = Debug|Any CPU
		{2E329EFD-E7B1-494B-894C-4C0757557A0C}.Debug|ARM64.ActiveCfg = Debug|Any CPU
		{2E329EFD-E7B1-494B-894C-4C0757557A0C}.Debug|ARM64.Build.0 = Debug|Any CPU
		{2E329EFD-E7B1-494B-894C-4C0757557A0C}.Debug|iPhone.ActiveCfg = Debug|Any CPU
		{2E329EFD-E7B1-494B-894C-4C0757557A0C}.Debug|iPhone.Build.0 = Debug|Any CPU
		{2E329EFD-E7B1-494B-894C-4C0757557A0C}.Debug|iPhoneSimulator.ActiveCfg = Debug|Any CPU
		{2E329EFD-E7B1-494B-894C-4C0757557A0C}.Debug|iPhoneSimulator.Build.0 = Debug|Any CPU
		{2E329EFD-E7B1-494B-894C-4C0757557A0C}.Debug|x64.ActiveCfg = Debug|Any CPU
		{2E329EFD-E7B1-494B-894C-4C0757557A0C}.Debug|x64.Build.0 = Debug|Any CPU
		{2E329EFD-E7B1-494B-894C-4C0757557A0C}.Debug|x86.ActiveCfg = Debug|Any CPU
		{2E329EFD-E7B1-494B-894C-4C0757557A0C}.Debug|x86.Build.0 = Debug|Any CPU
		{2E329EFD-E7B1-494B-894C-4C0757557A0C}.Release|Any CPU.ActiveCfg = Release|Any CPU
		{2E329EFD-E7B1-494B-894C-4C0757557A0C}.Release|Any CPU.Build.0 = Release|Any CPU
		{2E329EFD-E7B1-494B-894C-4C0757557A0C}.Release|ARM.ActiveCfg = Release|Any CPU
		{2E329EFD-E7B1-494B-894C-4C0757557A0C}.Release|ARM.Build.0 = Release|Any CPU
		{2E329EFD-E7B1-494B-894C-4C0757557A0C}.Release|ARM64.ActiveCfg = Release|Any CPU
		{2E329EFD-E7B1-494B-894C-4C0757557A0C}.Release|ARM64.Build.0 = Release|Any CPU
		{2E329EFD-E7B1-494B-894C-4C0757557A0C}.Release|iPhone.ActiveCfg = Release|Any CPU
		{2E329EFD-E7B1-494B-894C-4C0757557A0C}.Release|iPhone.Build.0 = Release|Any CPU
		{2E329EFD-E7B1-494B-894C-4C0757557A0C}.Release|iPhoneSimulator.ActiveCfg = Release|Any CPU
		{2E329EFD-E7B1-494B-894C-4C0757557A0C}.Release|iPhoneSimulator.Build.0 = Release|Any CPU
		{2E329EFD-E7B1-494B-894C-4C0757557A0C}.Release|x64.ActiveCfg = Release|Any CPU
		{2E329EFD-E7B1-494B-894C-4C0757557A0C}.Release|x64.Build.0 = Release|Any CPU
		{2E329EFD-E7B1-494B-894C-4C0757557A0C}.Release|x86.ActiveCfg = Release|Any CPU
		{2E329EFD-E7B1-494B-894C-4C0757557A0C}.Release|x86.Build.0 = Release|Any CPU
	EndGlobalSection
	GlobalSection(SolutionProperties) = preSolution
		HideSolutionNode = FALSE
	EndGlobalSection
	GlobalSection(ExtensibilityGlobals) = postSolution
		SolutionGuid = {2B016D4E-36BD-4740-960A-C501AD0FB5C6}
	EndGlobalSection
EndGlobal
