
Microsoft Visual Studio Solution File, Format Version 12.00
# Visual Studio Version 16
VisualStudioVersion = 16.0.29215.179
MinimumVisualStudioVersion = 10.0.40219.1
Project("{FAE04EC0-301F-11D3-BF4B-00C04F79EFBC}") = "XJTLU-Timetable-UWP", "XJTLU-Timetable-UWP\XJTLU-Timetable-UWP.csproj", "{2BD8CBD9-3861-4FA9-9390-9635B878FE91}"
EndProject
Project("{FAE04EC0-301F-11D3-BF4B-00C04F79EFBC}") = "Timetable-UWPBackground", "Timetable-UWPBackground\Timetable-UWPBackground.csproj", "{ECE072A6-94B0-436B-A824-38356CFE34A8}"
EndProject
Project("{FAE04EC0-301F-11D3-BF4B-00C04F79EFBC}") = "Timetable-UWPCacheManager", "Timetable-UWPCacheManager\Timetable-UWPCacheManager.csproj", "{C07AC969-5F5E-4D2F-AFAD-BD5183A622F9}"
EndProject
Project("{D954291E-2A0B-460D-934E-DC6B0785DB48}") = "XJTLUTimetable.Shared", "XJTLUTimetable\XJTLUTimetable.Shared\XJTLUTimetable.Shared.shproj", "{6279C845-92F8-4333-AB99-3D213163593C}"
EndProject
Project("{FAE04EC0-301F-11D3-BF4B-00C04F79EFBC}") = "XJTLUTimetable.Droid", "XJTLUTimetable\XJTLUTimetable.Droid\XJTLUTimetable.Droid.csproj", "{2E4060F7-BF4B-4958-A46B-54688DAC9283}"
EndProject
Project("{FAE04EC0-301F-11D3-BF4B-00C04F79EFBC}") = "XJTLUTimetable.iOS", "XJTLUTimetable\XJTLUTimetable.iOS\XJTLUTimetable.iOS.csproj", "{EF2CFB4E-1A3B-42F8-865E-98F5F951965A}"
EndProject
Project("{FAE04EC0-301F-11D3-BF4B-00C04F79EFBC}") = "XJTLUTimetable.UWP", "XJTLUTimetable\XJTLUTimetable.UWP\XJTLUTimetable.UWP.csproj", "{1FC54C77-1D20-4982-99AD-A1B8DE92734D}"
EndProject
Project("{FAE04EC0-301F-11D3-BF4B-00C04F79EFBC}") = "XJTLUTimetable.Wasm", "XJTLUTimetable\XJTLUTimetable.Wasm\XJTLUTimetable.Wasm.csproj", "{8DBF6272-9D58-4BCB-A2AF-F775C67B9678}"
EndProject
Global
	GlobalSection(SharedMSBuildProjectFiles) = preSolution
		XJTLUTimetable\XJTLUTimetable.Shared\XJTLUTimetable.Shared.projitems*{1fc54c77-1d20-4982-99ad-a1b8de92734d}*SharedItemsImports = 4
		XJTLUTimetable\XJTLUTimetable.Shared\XJTLUTimetable.Shared.projitems*{6279c845-92f8-4333-ab99-3d213163593c}*SharedItemsImports = 13
	EndGlobalSection
	GlobalSection(SolutionConfigurationPlatforms) = preSolution
		Ad-Hoc|Any CPU = Ad-Hoc|Any CPU
		Ad-Hoc|ARM = Ad-Hoc|ARM
		Ad-Hoc|ARM64 = Ad-Hoc|ARM64
		Ad-Hoc|iPhone = Ad-Hoc|iPhone
		Ad-Hoc|iPhoneSimulator = Ad-Hoc|iPhoneSimulator
		Ad-Hoc|x64 = Ad-Hoc|x64
		Ad-Hoc|x86 = Ad-Hoc|x86
		AppStore|Any CPU = AppStore|Any CPU
		AppStore|ARM = AppStore|ARM
		AppStore|ARM64 = AppStore|ARM64
		AppStore|iPhone = AppStore|iPhone
		AppStore|iPhoneSimulator = AppStore|iPhoneSimulator
		AppStore|x64 = AppStore|x64
		AppStore|x86 = AppStore|x86
		Debug|Any CPU = Debug|Any CPU
		Debug|ARM = Debug|ARM
		Debug|ARM64 = Debug|ARM64
		Debug|iPhone = Debug|iPhone
		Debug|iPhoneSimulator = Debug|iPhoneSimulator
		Debug|x64 = Debug|x64
		Debug|x86 = Debug|x86
		Release|Any CPU = Release|Any CPU
		Release|ARM = Release|ARM
		Release|ARM64 = Release|ARM64
		Release|iPhone = Release|iPhone
		Release|iPhoneSimulator = Release|iPhoneSimulator
		Release|x64 = Release|x64
		Release|x86 = Release|x86
	EndGlobalSection
	GlobalSection(ProjectConfigurationPlatforms) = postSolution
		{2BD8CBD9-3861-4FA9-9390-9635B878FE91}.Ad-Hoc|Any CPU.ActiveCfg = Release|x64
		{2BD8CBD9-3861-4FA9-9390-9635B878FE91}.Ad-Hoc|Any CPU.Build.0 = Release|x64
		{2BD8CBD9-3861-4FA9-9390-9635B878FE91}.Ad-Hoc|Any CPU.Deploy.0 = Release|x64
		{2BD8CBD9-3861-4FA9-9390-9635B878FE91}.Ad-Hoc|ARM.ActiveCfg = Release|ARM
		{2BD8CBD9-3861-4FA9-9390-9635B878FE91}.Ad-Hoc|ARM.Build.0 = Release|ARM
		{2BD8CBD9-3861-4FA9-9390-9635B878FE91}.Ad-Hoc|ARM.Deploy.0 = Release|ARM
		{2BD8CBD9-3861-4FA9-9390-9635B878FE91}.Ad-Hoc|ARM64.ActiveCfg = Release|ARM64
		{2BD8CBD9-3861-4FA9-9390-9635B878FE91}.Ad-Hoc|ARM64.Build.0 = Release|ARM64
		{2BD8CBD9-3861-4FA9-9390-9635B878FE91}.Ad-Hoc|ARM64.Deploy.0 = Release|ARM64
		{2BD8CBD9-3861-4FA9-9390-9635B878FE91}.Ad-Hoc|iPhone.ActiveCfg = Release|x64
		{2BD8CBD9-3861-4FA9-9390-9635B878FE91}.Ad-Hoc|iPhone.Build.0 = Release|x64
		{2BD8CBD9-3861-4FA9-9390-9635B878FE91}.Ad-Hoc|iPhone.Deploy.0 = Release|x64
		{2BD8CBD9-3861-4FA9-9390-9635B878FE91}.Ad-Hoc|iPhoneSimulator.ActiveCfg = Release|x64
		{2BD8CBD9-3861-4FA9-9390-9635B878FE91}.Ad-Hoc|iPhoneSimulator.Build.0 = Release|x64
		{2BD8CBD9-3861-4FA9-9390-9635B878FE91}.Ad-Hoc|iPhoneSimulator.Deploy.0 = Release|x64
		{2BD8CBD9-3861-4FA9-9390-9635B878FE91}.Ad-Hoc|x64.ActiveCfg = Release|x64
		{2BD8CBD9-3861-4FA9-9390-9635B878FE91}.Ad-Hoc|x64.Build.0 = Release|x64
		{2BD8CBD9-3861-4FA9-9390-9635B878FE91}.Ad-Hoc|x64.Deploy.0 = Release|x64
		{2BD8CBD9-3861-4FA9-9390-9635B878FE91}.Ad-Hoc|x86.ActiveCfg = Release|x86
		{2BD8CBD9-3861-4FA9-9390-9635B878FE91}.Ad-Hoc|x86.Build.0 = Release|x86
		{2BD8CBD9-3861-4FA9-9390-9635B878FE91}.Ad-Hoc|x86.Deploy.0 = Release|x86
		{2BD8CBD9-3861-4FA9-9390-9635B878FE91}.AppStore|Any CPU.ActiveCfg = Release|x64
		{2BD8CBD9-3861-4FA9-9390-9635B878FE91}.AppStore|Any CPU.Build.0 = Release|x64
		{2BD8CBD9-3861-4FA9-9390-9635B878FE91}.AppStore|Any CPU.Deploy.0 = Release|x64
		{2BD8CBD9-3861-4FA9-9390-9635B878FE91}.AppStore|ARM.ActiveCfg = Release|ARM
		{2BD8CBD9-3861-4FA9-9390-9635B878FE91}.AppStore|ARM.Build.0 = Release|ARM
		{2BD8CBD9-3861-4FA9-9390-9635B878FE91}.AppStore|ARM.Deploy.0 = Release|ARM
		{2BD8CBD9-3861-4FA9-9390-9635B878FE91}.AppStore|ARM64.ActiveCfg = Release|ARM64
		{2BD8CBD9-3861-4FA9-9390-9635B878FE91}.AppStore|ARM64.Build.0 = Release|ARM64
		{2BD8CBD9-3861-4FA9-9390-9635B878FE91}.AppStore|ARM64.Deploy.0 = Release|ARM64
		{2BD8CBD9-3861-4FA9-9390-9635B878FE91}.AppStore|iPhone.ActiveCfg = Release|x64
		{2BD8CBD9-3861-4FA9-9390-9635B878FE91}.AppStore|iPhone.Build.0 = Release|x64
		{2BD8CBD9-3861-4FA9-9390-9635B878FE91}.AppStore|iPhone.Deploy.0 = Release|x64
		{2BD8CBD9-3861-4FA9-9390-9635B878FE91}.AppStore|iPhoneSimulator.ActiveCfg = Release|x64
		{2BD8CBD9-3861-4FA9-9390-9635B878FE91}.AppStore|iPhoneSimulator.Build.0 = Release|x64
		{2BD8CBD9-3861-4FA9-9390-9635B878FE91}.AppStore|iPhoneSimulator.Deploy.0 = Release|x64
		{2BD8CBD9-3861-4FA9-9390-9635B878FE91}.AppStore|x64.ActiveCfg = Release|x64
		{2BD8CBD9-3861-4FA9-9390-9635B878FE91}.AppStore|x64.Build.0 = Release|x64
		{2BD8CBD9-3861-4FA9-9390-9635B878FE91}.AppStore|x64.Deploy.0 = Release|x64
		{2BD8CBD9-3861-4FA9-9390-9635B878FE91}.AppStore|x86.ActiveCfg = Release|x86
		{2BD8CBD9-3861-4FA9-9390-9635B878FE91}.AppStore|x86.Build.0 = Release|x86
		{2BD8CBD9-3861-4FA9-9390-9635B878FE91}.AppStore|x86.Deploy.0 = Release|x86
		{2BD8CBD9-3861-4FA9-9390-9635B878FE91}.Debug|Any CPU.ActiveCfg = Debug|x86
		{2BD8CBD9-3861-4FA9-9390-9635B878FE91}.Debug|ARM.ActiveCfg = Debug|ARM
		{2BD8CBD9-3861-4FA9-9390-9635B878FE91}.Debug|ARM.Build.0 = Debug|ARM
		{2BD8CBD9-3861-4FA9-9390-9635B878FE91}.Debug|ARM.Deploy.0 = Debug|ARM
		{2BD8CBD9-3861-4FA9-9390-9635B878FE91}.Debug|ARM64.ActiveCfg = Debug|ARM64
		{2BD8CBD9-3861-4FA9-9390-9635B878FE91}.Debug|ARM64.Build.0 = Debug|ARM64
		{2BD8CBD9-3861-4FA9-9390-9635B878FE91}.Debug|ARM64.Deploy.0 = Debug|ARM64
		{2BD8CBD9-3861-4FA9-9390-9635B878FE91}.Debug|iPhone.ActiveCfg = Debug|x86
		{2BD8CBD9-3861-4FA9-9390-9635B878FE91}.Debug|iPhoneSimulator.ActiveCfg = Debug|x86
		{2BD8CBD9-3861-4FA9-9390-9635B878FE91}.Debug|x64.ActiveCfg = Debug|x64
		{2BD8CBD9-3861-4FA9-9390-9635B878FE91}.Debug|x64.Build.0 = Debug|x64
		{2BD8CBD9-3861-4FA9-9390-9635B878FE91}.Debug|x64.Deploy.0 = Debug|x64
		{2BD8CBD9-3861-4FA9-9390-9635B878FE91}.Debug|x86.ActiveCfg = Debug|x86
		{2BD8CBD9-3861-4FA9-9390-9635B878FE91}.Debug|x86.Build.0 = Debug|x86
		{2BD8CBD9-3861-4FA9-9390-9635B878FE91}.Debug|x86.Deploy.0 = Debug|x86
		{2BD8CBD9-3861-4FA9-9390-9635B878FE91}.Release|Any CPU.ActiveCfg = Release|x86
		{2BD8CBD9-3861-4FA9-9390-9635B878FE91}.Release|ARM.ActiveCfg = Release|ARM
		{2BD8CBD9-3861-4FA9-9390-9635B878FE91}.Release|ARM.Build.0 = Release|ARM
		{2BD8CBD9-3861-4FA9-9390-9635B878FE91}.Release|ARM.Deploy.0 = Release|ARM
		{2BD8CBD9-3861-4FA9-9390-9635B878FE91}.Release|ARM64.ActiveCfg = Release|ARM64
		{2BD8CBD9-3861-4FA9-9390-9635B878FE91}.Release|ARM64.Build.0 = Release|ARM64
		{2BD8CBD9-3861-4FA9-9390-9635B878FE91}.Release|ARM64.Deploy.0 = Release|ARM64
		{2BD8CBD9-3861-4FA9-9390-9635B878FE91}.Release|iPhone.ActiveCfg = Release|x86
		{2BD8CBD9-3861-4FA9-9390-9635B878FE91}.Release|iPhoneSimulator.ActiveCfg = Release|x86
		{2BD8CBD9-3861-4FA9-9390-9635B878FE91}.Release|x64.ActiveCfg = Release|x64
		{2BD8CBD9-3861-4FA9-9390-9635B878FE91}.Release|x64.Build.0 = Release|x64
		{2BD8CBD9-3861-4FA9-9390-9635B878FE91}.Release|x64.Deploy.0 = Release|x64
		{2BD8CBD9-3861-4FA9-9390-9635B878FE91}.Release|x86.ActiveCfg = Release|x86
		{2BD8CBD9-3861-4FA9-9390-9635B878FE91}.Release|x86.Build.0 = Release|x86
		{2BD8CBD9-3861-4FA9-9390-9635B878FE91}.Release|x86.Deploy.0 = Release|x86
		{ECE072A6-94B0-436B-A824-38356CFE34A8}.Ad-Hoc|Any CPU.ActiveCfg = Release|Any CPU
		{ECE072A6-94B0-436B-A824-38356CFE34A8}.Ad-Hoc|Any CPU.Build.0 = Release|Any CPU
		{ECE072A6-94B0-436B-A824-38356CFE34A8}.Ad-Hoc|ARM.ActiveCfg = Release|ARM
		{ECE072A6-94B0-436B-A824-38356CFE34A8}.Ad-Hoc|ARM.Build.0 = Release|ARM
		{ECE072A6-94B0-436B-A824-38356CFE34A8}.Ad-Hoc|ARM64.ActiveCfg = Release|ARM64
		{ECE072A6-94B0-436B-A824-38356CFE34A8}.Ad-Hoc|ARM64.Build.0 = Release|ARM64
		{ECE072A6-94B0-436B-A824-38356CFE34A8}.Ad-Hoc|iPhone.ActiveCfg = Release|Any CPU
		{ECE072A6-94B0-436B-A824-38356CFE34A8}.Ad-Hoc|iPhone.Build.0 = Release|Any CPU
		{ECE072A6-94B0-436B-A824-38356CFE34A8}.Ad-Hoc|iPhoneSimulator.ActiveCfg = Release|Any CPU
		{ECE072A6-94B0-436B-A824-38356CFE34A8}.Ad-Hoc|iPhoneSimulator.Build.0 = Release|Any CPU
		{ECE072A6-94B0-436B-A824-38356CFE34A8}.Ad-Hoc|x64.ActiveCfg = Release|x64
		{ECE072A6-94B0-436B-A824-38356CFE34A8}.Ad-Hoc|x64.Build.0 = Release|x64
		{ECE072A6-94B0-436B-A824-38356CFE34A8}.Ad-Hoc|x86.ActiveCfg = Release|x86
		{ECE072A6-94B0-436B-A824-38356CFE34A8}.Ad-Hoc|x86.Build.0 = Release|x86
		{ECE072A6-94B0-436B-A824-38356CFE34A8}.AppStore|Any CPU.ActiveCfg = Release|Any CPU
		{ECE072A6-94B0-436B-A824-38356CFE34A8}.AppStore|Any CPU.Build.0 = Release|Any CPU
		{ECE072A6-94B0-436B-A824-38356CFE34A8}.AppStore|ARM.ActiveCfg = Release|ARM
		{ECE072A6-94B0-436B-A824-38356CFE34A8}.AppStore|ARM.Build.0 = Release|ARM
		{ECE072A6-94B0-436B-A824-38356CFE34A8}.AppStore|ARM64.ActiveCfg = Release|ARM64
		{ECE072A6-94B0-436B-A824-38356CFE34A8}.AppStore|ARM64.Build.0 = Release|ARM64
		{ECE072A6-94B0-436B-A824-38356CFE34A8}.AppStore|iPhone.ActiveCfg = Release|Any CPU
		{ECE072A6-94B0-436B-A824-38356CFE34A8}.AppStore|iPhone.Build.0 = Release|Any CPU
		{ECE072A6-94B0-436B-A824-38356CFE34A8}.AppStore|iPhoneSimulator.ActiveCfg = Release|Any CPU
		{ECE072A6-94B0-436B-A824-38356CFE34A8}.AppStore|iPhoneSimulator.Build.0 = Release|Any CPU
		{ECE072A6-94B0-436B-A824-38356CFE34A8}.AppStore|x64.ActiveCfg = Release|x64
		{ECE072A6-94B0-436B-A824-38356CFE34A8}.AppStore|x64.Build.0 = Release|x64
		{ECE072A6-94B0-436B-A824-38356CFE34A8}.AppStore|x86.ActiveCfg = Release|x86
		{ECE072A6-94B0-436B-A824-38356CFE34A8}.AppStore|x86.Build.0 = Release|x86
		{ECE072A6-94B0-436B-A824-38356CFE34A8}.Debug|Any CPU.ActiveCfg = Debug|Any CPU
		{ECE072A6-94B0-436B-A824-38356CFE34A8}.Debug|Any CPU.Build.0 = Debug|Any CPU
		{ECE072A6-94B0-436B-A824-38356CFE34A8}.Debug|ARM.ActiveCfg = Debug|ARM
		{ECE072A6-94B0-436B-A824-38356CFE34A8}.Debug|ARM.Build.0 = Debug|ARM
		{ECE072A6-94B0-436B-A824-38356CFE34A8}.Debug|ARM64.ActiveCfg = Debug|ARM64
		{ECE072A6-94B0-436B-A824-38356CFE34A8}.Debug|ARM64.Build.0 = Debug|ARM64
		{ECE072A6-94B0-436B-A824-38356CFE34A8}.Debug|iPhone.ActiveCfg = Debug|Any CPU
		{ECE072A6-94B0-436B-A824-38356CFE34A8}.Debug|iPhone.Build.0 = Debug|Any CPU
		{ECE072A6-94B0-436B-A824-38356CFE34A8}.Debug|iPhoneSimulator.ActiveCfg = Debug|Any CPU
		{ECE072A6-94B0-436B-A824-38356CFE34A8}.Debug|iPhoneSimulator.Build.0 = Debug|Any CPU
		{ECE072A6-94B0-436B-A824-38356CFE34A8}.Debug|x64.ActiveCfg = Debug|x64
		{ECE072A6-94B0-436B-A824-38356CFE34A8}.Debug|x64.Build.0 = Debug|x64
		{ECE072A6-94B0-436B-A824-38356CFE34A8}.Debug|x86.ActiveCfg = Debug|x86
		{ECE072A6-94B0-436B-A824-38356CFE34A8}.Debug|x86.Build.0 = Debug|x86
		{ECE072A6-94B0-436B-A824-38356CFE34A8}.Release|Any CPU.ActiveCfg = Release|Any CPU
		{ECE072A6-94B0-436B-A824-38356CFE34A8}.Release|Any CPU.Build.0 = Release|Any CPU
		{ECE072A6-94B0-436B-A824-38356CFE34A8}.Release|ARM.ActiveCfg = Release|ARM
		{ECE072A6-94B0-436B-A824-38356CFE34A8}.Release|ARM.Build.0 = Release|ARM
		{ECE072A6-94B0-436B-A824-38356CFE34A8}.Release|ARM64.ActiveCfg = Release|ARM64
		{ECE072A6-94B0-436B-A824-38356CFE34A8}.Release|ARM64.Build.0 = Release|ARM64
		{ECE072A6-94B0-436B-A824-38356CFE34A8}.Release|iPhone.ActiveCfg = Release|Any CPU
		{ECE072A6-94B0-436B-A824-38356CFE34A8}.Release|iPhone.Build.0 = Release|Any CPU
		{ECE072A6-94B0-436B-A824-38356CFE34A8}.Release|iPhoneSimulator.ActiveCfg = Release|Any CPU
		{ECE072A6-94B0-436B-A824-38356CFE34A8}.Release|iPhoneSimulator.Build.0 = Release|Any CPU
		{ECE072A6-94B0-436B-A824-38356CFE34A8}.Release|x64.ActiveCfg = Release|x64
		{ECE072A6-94B0-436B-A824-38356CFE34A8}.Release|x64.Build.0 = Release|x64
		{ECE072A6-94B0-436B-A824-38356CFE34A8}.Release|x86.ActiveCfg = Release|x86
		{ECE072A6-94B0-436B-A824-38356CFE34A8}.Release|x86.Build.0 = Release|x86
		{C07AC969-5F5E-4D2F-AFAD-BD5183A622F9}.Ad-Hoc|Any CPU.ActiveCfg = Release|Any CPU
		{C07AC969-5F5E-4D2F-AFAD-BD5183A622F9}.Ad-Hoc|Any CPU.Build.0 = Release|Any CPU
		{C07AC969-5F5E-4D2F-AFAD-BD5183A622F9}.Ad-Hoc|ARM.ActiveCfg = Release|ARM
		{C07AC969-5F5E-4D2F-AFAD-BD5183A622F9}.Ad-Hoc|ARM.Build.0 = Release|ARM
		{C07AC969-5F5E-4D2F-AFAD-BD5183A622F9}.Ad-Hoc|ARM64.ActiveCfg = Release|ARM64
		{C07AC969-5F5E-4D2F-AFAD-BD5183A622F9}.Ad-Hoc|ARM64.Build.0 = Release|ARM64
		{C07AC969-5F5E-4D2F-AFAD-BD5183A622F9}.Ad-Hoc|iPhone.ActiveCfg = Release|Any CPU
		{C07AC969-5F5E-4D2F-AFAD-BD5183A622F9}.Ad-Hoc|iPhone.Build.0 = Release|Any CPU
		{C07AC969-5F5E-4D2F-AFAD-BD5183A622F9}.Ad-Hoc|iPhoneSimulator.ActiveCfg = Release|Any CPU
		{C07AC969-5F5E-4D2F-AFAD-BD5183A622F9}.Ad-Hoc|iPhoneSimulator.Build.0 = Release|Any CPU
		{C07AC969-5F5E-4D2F-AFAD-BD5183A622F9}.Ad-Hoc|x64.ActiveCfg = Release|x64
		{C07AC969-5F5E-4D2F-AFAD-BD5183A622F9}.Ad-Hoc|x64.Build.0 = Release|x64
		{C07AC969-5F5E-4D2F-AFAD-BD5183A622F9}.Ad-Hoc|x86.ActiveCfg = Release|x86
		{C07AC969-5F5E-4D2F-AFAD-BD5183A622F9}.Ad-Hoc|x86.Build.0 = Release|x86
		{C07AC969-5F5E-4D2F-AFAD-BD5183A622F9}.AppStore|Any CPU.ActiveCfg = Release|Any CPU
		{C07AC969-5F5E-4D2F-AFAD-BD5183A622F9}.AppStore|Any CPU.Build.0 = Release|Any CPU
		{C07AC969-5F5E-4D2F-AFAD-BD5183A622F9}.AppStore|ARM.ActiveCfg = Release|ARM
		{C07AC969-5F5E-4D2F-AFAD-BD5183A622F9}.AppStore|ARM.Build.0 = Release|ARM
		{C07AC969-5F5E-4D2F-AFAD-BD5183A622F9}.AppStore|ARM64.ActiveCfg = Release|ARM64
		{C07AC969-5F5E-4D2F-AFAD-BD5183A622F9}.AppStore|ARM64.Build.0 = Release|ARM64
		{C07AC969-5F5E-4D2F-AFAD-BD5183A622F9}.AppStore|iPhone.ActiveCfg = Release|Any CPU
		{C07AC969-5F5E-4D2F-AFAD-BD5183A622F9}.AppStore|iPhone.Build.0 = Release|Any CPU
		{C07AC969-5F5E-4D2F-AFAD-BD5183A622F9}.AppStore|iPhoneSimulator.ActiveCfg = Release|Any CPU
		{C07AC969-5F5E-4D2F-AFAD-BD5183A622F9}.AppStore|iPhoneSimulator.Build.0 = Release|Any CPU
		{C07AC969-5F5E-4D2F-AFAD-BD5183A622F9}.AppStore|x64.ActiveCfg = Release|x64
		{C07AC969-5F5E-4D2F-AFAD-BD5183A622F9}.AppStore|x64.Build.0 = Release|x64
		{C07AC969-5F5E-4D2F-AFAD-BD5183A622F9}.AppStore|x86.ActiveCfg = Release|x86
		{C07AC969-5F5E-4D2F-AFAD-BD5183A622F9}.AppStore|x86.Build.0 = Release|x86
		{C07AC969-5F5E-4D2F-AFAD-BD5183A622F9}.Debug|Any CPU.ActiveCfg = Debug|Any CPU
		{C07AC969-5F5E-4D2F-AFAD-BD5183A622F9}.Debug|Any CPU.Build.0 = Debug|Any CPU
		{C07AC969-5F5E-4D2F-AFAD-BD5183A622F9}.Debug|ARM.ActiveCfg = Debug|ARM
		{C07AC969-5F5E-4D2F-AFAD-BD5183A622F9}.Debug|ARM.Build.0 = Debug|ARM
		{C07AC969-5F5E-4D2F-AFAD-BD5183A622F9}.Debug|ARM64.ActiveCfg = Debug|ARM64
		{C07AC969-5F5E-4D2F-AFAD-BD5183A622F9}.Debug|ARM64.Build.0 = Debug|ARM64
		{C07AC969-5F5E-4D2F-AFAD-BD5183A622F9}.Debug|iPhone.ActiveCfg = Debug|Any CPU
		{C07AC969-5F5E-4D2F-AFAD-BD5183A622F9}.Debug|iPhone.Build.0 = Debug|Any CPU
		{C07AC969-5F5E-4D2F-AFAD-BD5183A622F9}.Debug|iPhoneSimulator.ActiveCfg = Debug|Any CPU
		{C07AC969-5F5E-4D2F-AFAD-BD5183A622F9}.Debug|iPhoneSimulator.Build.0 = Debug|Any CPU
		{C07AC969-5F5E-4D2F-AFAD-BD5183A622F9}.Debug|x64.ActiveCfg = Debug|x64
		{C07AC969-5F5E-4D2F-AFAD-BD5183A622F9}.Debug|x64.Build.0 = Debug|x64
		{C07AC969-5F5E-4D2F-AFAD-BD5183A622F9}.Debug|x86.ActiveCfg = Debug|x86
		{C07AC969-5F5E-4D2F-AFAD-BD5183A622F9}.Debug|x86.Build.0 = Debug|x86
		{C07AC969-5F5E-4D2F-AFAD-BD5183A622F9}.Release|Any CPU.ActiveCfg = Release|Any CPU
		{C07AC969-5F5E-4D2F-AFAD-BD5183A622F9}.Release|Any CPU.Build.0 = Release|Any CPU
		{C07AC969-5F5E-4D2F-AFAD-BD5183A622F9}.Release|ARM.ActiveCfg = Release|ARM
		{C07AC969-5F5E-4D2F-AFAD-BD5183A622F9}.Release|ARM.Build.0 = Release|ARM
		{C07AC969-5F5E-4D2F-AFAD-BD5183A622F9}.Release|ARM64.ActiveCfg = Release|ARM64
		{C07AC969-5F5E-4D2F-AFAD-BD5183A622F9}.Release|ARM64.Build.0 = Release|ARM64
		{C07AC969-5F5E-4D2F-AFAD-BD5183A622F9}.Release|iPhone.ActiveCfg = Release|Any CPU
		{C07AC969-5F5E-4D2F-AFAD-BD5183A622F9}.Release|iPhone.Build.0 = Release|Any CPU
		{C07AC969-5F5E-4D2F-AFAD-BD5183A622F9}.Release|iPhoneSimulator.ActiveCfg = Release|Any CPU
		{C07AC969-5F5E-4D2F-AFAD-BD5183A622F9}.Release|iPhoneSimulator.Build.0 = Release|Any CPU
		{C07AC969-5F5E-4D2F-AFAD-BD5183A622F9}.Release|x64.ActiveCfg = Release|x64
		{C07AC969-5F5E-4D2F-AFAD-BD5183A622F9}.Release|x64.Build.0 = Release|x64
		{C07AC969-5F5E-4D2F-AFAD-BD5183A622F9}.Release|x86.ActiveCfg = Release|x86
		{C07AC969-5F5E-4D2F-AFAD-BD5183A622F9}.Release|x86.Build.0 = Release|x86
		{2E4060F7-BF4B-4958-A46B-54688DAC9283}.Ad-Hoc|Any CPU.ActiveCfg = Release|Any CPU
		{2E4060F7-BF4B-4958-A46B-54688DAC9283}.Ad-Hoc|Any CPU.Build.0 = Release|Any CPU
		{2E4060F7-BF4B-4958-A46B-54688DAC9283}.Ad-Hoc|Any CPU.Deploy.0 = Release|Any CPU
		{2E4060F7-BF4B-4958-A46B-54688DAC9283}.Ad-Hoc|ARM.ActiveCfg = Release|Any CPU
		{2E4060F7-BF4B-4958-A46B-54688DAC9283}.Ad-Hoc|ARM.Build.0 = Release|Any CPU
		{2E4060F7-BF4B-4958-A46B-54688DAC9283}.Ad-Hoc|ARM.Deploy.0 = Release|Any CPU
		{2E4060F7-BF4B-4958-A46B-54688DAC9283}.Ad-Hoc|ARM64.ActiveCfg = Release|Any CPU
		{2E4060F7-BF4B-4958-A46B-54688DAC9283}.Ad-Hoc|ARM64.Build.0 = Release|Any CPU
		{2E4060F7-BF4B-4958-A46B-54688DAC9283}.Ad-Hoc|ARM64.Deploy.0 = Release|Any CPU
		{2E4060F7-BF4B-4958-A46B-54688DAC9283}.Ad-Hoc|iPhone.ActiveCfg = Release|Any CPU
		{2E4060F7-BF4B-4958-A46B-54688DAC9283}.Ad-Hoc|iPhone.Build.0 = Release|Any CPU
		{2E4060F7-BF4B-4958-A46B-54688DAC9283}.Ad-Hoc|iPhone.Deploy.0 = Release|Any CPU
		{2E4060F7-BF4B-4958-A46B-54688DAC9283}.Ad-Hoc|iPhoneSimulator.ActiveCfg = Release|Any CPU
		{2E4060F7-BF4B-4958-A46B-54688DAC9283}.Ad-Hoc|iPhoneSimulator.Build.0 = Release|Any CPU
		{2E4060F7-BF4B-4958-A46B-54688DAC9283}.Ad-Hoc|iPhoneSimulator.Deploy.0 = Release|Any CPU
		{2E4060F7-BF4B-4958-A46B-54688DAC9283}.Ad-Hoc|x64.ActiveCfg = Release|Any CPU
		{2E4060F7-BF4B-4958-A46B-54688DAC9283}.Ad-Hoc|x64.Build.0 = Release|Any CPU
		{2E4060F7-BF4B-4958-A46B-54688DAC9283}.Ad-Hoc|x64.Deploy.0 = Release|Any CPU
		{2E4060F7-BF4B-4958-A46B-54688DAC9283}.Ad-Hoc|x86.ActiveCfg = Release|Any CPU
		{2E4060F7-BF4B-4958-A46B-54688DAC9283}.Ad-Hoc|x86.Build.0 = Release|Any CPU
		{2E4060F7-BF4B-4958-A46B-54688DAC9283}.Ad-Hoc|x86.Deploy.0 = Release|Any CPU
		{2E4060F7-BF4B-4958-A46B-54688DAC9283}.AppStore|Any CPU.ActiveCfg = Release|Any CPU
		{2E4060F7-BF4B-4958-A46B-54688DAC9283}.AppStore|Any CPU.Build.0 = Release|Any CPU
		{2E4060F7-BF4B-4958-A46B-54688DAC9283}.AppStore|Any CPU.Deploy.0 = Release|Any CPU
		{2E4060F7-BF4B-4958-A46B-54688DAC9283}.AppStore|ARM.ActiveCfg = Release|Any CPU
		{2E4060F7-BF4B-4958-A46B-54688DAC9283}.AppStore|ARM.Build.0 = Release|Any CPU
		{2E4060F7-BF4B-4958-A46B-54688DAC9283}.AppStore|ARM.Deploy.0 = Release|Any CPU
		{2E4060F7-BF4B-4958-A46B-54688DAC9283}.AppStore|ARM64.ActiveCfg = Release|Any CPU
		{2E4060F7-BF4B-4958-A46B-54688DAC9283}.AppStore|ARM64.Build.0 = Release|Any CPU
		{2E4060F7-BF4B-4958-A46B-54688DAC9283}.AppStore|ARM64.Deploy.0 = Release|Any CPU
		{2E4060F7-BF4B-4958-A46B-54688DAC9283}.AppStore|iPhone.ActiveCfg = Release|Any CPU
		{2E4060F7-BF4B-4958-A46B-54688DAC9283}.AppStore|iPhone.Build.0 = Release|Any CPU
		{2E4060F7-BF4B-4958-A46B-54688DAC9283}.AppStore|iPhone.Deploy.0 = Release|Any CPU
		{2E4060F7-BF4B-4958-A46B-54688DAC9283}.AppStore|iPhoneSimulator.ActiveCfg = Release|Any CPU
		{2E4060F7-BF4B-4958-A46B-54688DAC9283}.AppStore|iPhoneSimulator.Build.0 = Release|Any CPU
		{2E4060F7-BF4B-4958-A46B-54688DAC9283}.AppStore|iPhoneSimulator.Deploy.0 = Release|Any CPU
		{2E4060F7-BF4B-4958-A46B-54688DAC9283}.AppStore|x64.ActiveCfg = Release|Any CPU
		{2E4060F7-BF4B-4958-A46B-54688DAC9283}.AppStore|x64.Build.0 = Release|Any CPU
		{2E4060F7-BF4B-4958-A46B-54688DAC9283}.AppStore|x64.Deploy.0 = Release|Any CPU
		{2E4060F7-BF4B-4958-A46B-54688DAC9283}.AppStore|x86.ActiveCfg = Release|Any CPU
		{2E4060F7-BF4B-4958-A46B-54688DAC9283}.AppStore|x86.Build.0 = Release|Any CPU
		{2E4060F7-BF4B-4958-A46B-54688DAC9283}.AppStore|x86.Deploy.0 = Release|Any CPU
		{2E4060F7-BF4B-4958-A46B-54688DAC9283}.Debug|Any CPU.ActiveCfg = Debug|Any CPU
		{2E4060F7-BF4B-4958-A46B-54688DAC9283}.Debug|Any CPU.Build.0 = Debug|Any CPU
		{2E4060F7-BF4B-4958-A46B-54688DAC9283}.Debug|Any CPU.Deploy.0 = Debug|Any CPU
		{2E4060F7-BF4B-4958-A46B-54688DAC9283}.Debug|ARM.ActiveCfg = Debug|Any CPU
		{2E4060F7-BF4B-4958-A46B-54688DAC9283}.Debug|ARM.Build.0 = Debug|Any CPU
		{2E4060F7-BF4B-4958-A46B-54688DAC9283}.Debug|ARM.Deploy.0 = Debug|Any CPU
		{2E4060F7-BF4B-4958-A46B-54688DAC9283}.Debug|ARM64.ActiveCfg = Debug|Any CPU
		{2E4060F7-BF4B-4958-A46B-54688DAC9283}.Debug|ARM64.Build.0 = Debug|Any CPU
		{2E4060F7-BF4B-4958-A46B-54688DAC9283}.Debug|ARM64.Deploy.0 = Debug|Any CPU
		{2E4060F7-BF4B-4958-A46B-54688DAC9283}.Debug|iPhone.ActiveCfg = Debug|Any CPU
		{2E4060F7-BF4B-4958-A46B-54688DAC9283}.Debug|iPhone.Build.0 = Debug|Any CPU
		{2E4060F7-BF4B-4958-A46B-54688DAC9283}.Debug|iPhone.Deploy.0 = Debug|Any CPU
		{2E4060F7-BF4B-4958-A46B-54688DAC9283}.Debug|iPhoneSimulator.ActiveCfg = Debug|Any CPU
		{2E4060F7-BF4B-4958-A46B-54688DAC9283}.Debug|iPhoneSimulator.Build.0 = Debug|Any CPU
		{2E4060F7-BF4B-4958-A46B-54688DAC9283}.Debug|iPhoneSimulator.Deploy.0 = Debug|Any CPU
		{2E4060F7-BF4B-4958-A46B-54688DAC9283}.Debug|x64.ActiveCfg = Debug|Any CPU
		{2E4060F7-BF4B-4958-A46B-54688DAC9283}.Debug|x64.Build.0 = Debug|Any CPU
		{2E4060F7-BF4B-4958-A46B-54688DAC9283}.Debug|x64.Deploy.0 = Debug|Any CPU
		{2E4060F7-BF4B-4958-A46B-54688DAC9283}.Debug|x86.ActiveCfg = Debug|Any CPU
		{2E4060F7-BF4B-4958-A46B-54688DAC9283}.Debug|x86.Build.0 = Debug|Any CPU
		{2E4060F7-BF4B-4958-A46B-54688DAC9283}.Debug|x86.Deploy.0 = Debug|Any CPU
		{2E4060F7-BF4B-4958-A46B-54688DAC9283}.Release|Any CPU.ActiveCfg = Release|Any CPU
		{2E4060F7-BF4B-4958-A46B-54688DAC9283}.Release|Any CPU.Build.0 = Release|Any CPU
		{2E4060F7-BF4B-4958-A46B-54688DAC9283}.Release|Any CPU.Deploy.0 = Release|Any CPU
		{2E4060F7-BF4B-4958-A46B-54688DAC9283}.Release|ARM.ActiveCfg = Release|Any CPU
		{2E4060F7-BF4B-4958-A46B-54688DAC9283}.Release|ARM.Build.0 = Release|Any CPU
		{2E4060F7-BF4B-4958-A46B-54688DAC9283}.Release|ARM.Deploy.0 = Release|Any CPU
		{2E4060F7-BF4B-4958-A46B-54688DAC9283}.Release|ARM64.ActiveCfg = Release|Any CPU
		{2E4060F7-BF4B-4958-A46B-54688DAC9283}.Release|ARM64.Build.0 = Release|Any CPU
		{2E4060F7-BF4B-4958-A46B-54688DAC9283}.Release|ARM64.Deploy.0 = Release|Any CPU
		{2E4060F7-BF4B-4958-A46B-54688DAC9283}.Release|iPhone.ActiveCfg = Release|Any CPU
		{2E4060F7-BF4B-4958-A46B-54688DAC9283}.Release|iPhone.Build.0 = Release|Any CPU
		{2E4060F7-BF4B-4958-A46B-54688DAC9283}.Release|iPhone.Deploy.0 = Release|Any CPU
		{2E4060F7-BF4B-4958-A46B-54688DAC9283}.Release|iPhoneSimulator.ActiveCfg = Release|Any CPU
		{2E4060F7-BF4B-4958-A46B-54688DAC9283}.Release|iPhoneSimulator.Build.0 = Release|Any CPU
		{2E4060F7-BF4B-4958-A46B-54688DAC9283}.Release|iPhoneSimulator.Deploy.0 = Release|Any CPU
		{2E4060F7-BF4B-4958-A46B-54688DAC9283}.Release|x64.ActiveCfg = Release|Any CPU
		{2E4060F7-BF4B-4958-A46B-54688DAC9283}.Release|x64.Build.0 = Release|Any CPU
		{2E4060F7-BF4B-4958-A46B-54688DAC9283}.Release|x64.Deploy.0 = Release|Any CPU
		{2E4060F7-BF4B-4958-A46B-54688DAC9283}.Release|x86.ActiveCfg = Release|Any CPU
		{2E4060F7-BF4B-4958-A46B-54688DAC9283}.Release|x86.Build.0 = Release|Any CPU
		{2E4060F7-BF4B-4958-A46B-54688DAC9283}.Release|x86.Deploy.0 = Release|Any CPU
		{EF2CFB4E-1A3B-42F8-865E-98F5F951965A}.Ad-Hoc|Any CPU.ActiveCfg = Ad-Hoc|iPhone
		{EF2CFB4E-1A3B-42F8-865E-98F5F951965A}.Ad-Hoc|ARM.ActiveCfg = Ad-Hoc|iPhone
		{EF2CFB4E-1A3B-42F8-865E-98F5F951965A}.Ad-Hoc|ARM64.ActiveCfg = Ad-Hoc|iPhone
		{EF2CFB4E-1A3B-42F8-865E-98F5F951965A}.Ad-Hoc|iPhone.ActiveCfg = Ad-Hoc|iPhone
		{EF2CFB4E-1A3B-42F8-865E-98F5F951965A}.Ad-Hoc|iPhone.Build.0 = Ad-Hoc|iPhone
		{EF2CFB4E-1A3B-42F8-865E-98F5F951965A}.Ad-Hoc|iPhoneSimulator.ActiveCfg = Ad-Hoc|iPhoneSimulator
		{EF2CFB4E-1A3B-42F8-865E-98F5F951965A}.Ad-Hoc|iPhoneSimulator.Build.0 = Ad-Hoc|iPhoneSimulator
		{EF2CFB4E-1A3B-42F8-865E-98F5F951965A}.Ad-Hoc|x64.ActiveCfg = Ad-Hoc|iPhone
		{EF2CFB4E-1A3B-42F8-865E-98F5F951965A}.Ad-Hoc|x86.ActiveCfg = Ad-Hoc|iPhone
		{EF2CFB4E-1A3B-42F8-865E-98F5F951965A}.AppStore|Any CPU.ActiveCfg = AppStore|iPhone
		{EF2CFB4E-1A3B-42F8-865E-98F5F951965A}.AppStore|ARM.ActiveCfg = AppStore|iPhone
		{EF2CFB4E-1A3B-42F8-865E-98F5F951965A}.AppStore|ARM64.ActiveCfg = AppStore|iPhone
		{EF2CFB4E-1A3B-42F8-865E-98F5F951965A}.AppStore|iPhone.ActiveCfg = AppStore|iPhone
		{EF2CFB4E-1A3B-42F8-865E-98F5F951965A}.AppStore|iPhone.Build.0 = AppStore|iPhone
		{EF2CFB4E-1A3B-42F8-865E-98F5F951965A}.AppStore|iPhoneSimulator.ActiveCfg = AppStore|iPhoneSimulator
		{EF2CFB4E-1A3B-42F8-865E-98F5F951965A}.AppStore|iPhoneSimulator.Build.0 = AppStore|iPhoneSimulator
		{EF2CFB4E-1A3B-42F8-865E-98F5F951965A}.AppStore|x64.ActiveCfg = AppStore|iPhone
		{EF2CFB4E-1A3B-42F8-865E-98F5F951965A}.AppStore|x86.ActiveCfg = AppStore|iPhone
		{EF2CFB4E-1A3B-42F8-865E-98F5F951965A}.Debug|Any CPU.ActiveCfg = Debug|iPhone
		{EF2CFB4E-1A3B-42F8-865E-98F5F951965A}.Debug|ARM.ActiveCfg = Debug|iPhone
		{EF2CFB4E-1A3B-42F8-865E-98F5F951965A}.Debug|ARM64.ActiveCfg = Debug|iPhone
		{EF2CFB4E-1A3B-42F8-865E-98F5F951965A}.Debug|iPhone.ActiveCfg = Debug|iPhone
		{EF2CFB4E-1A3B-42F8-865E-98F5F951965A}.Debug|iPhone.Build.0 = Debug|iPhone
		{EF2CFB4E-1A3B-42F8-865E-98F5F951965A}.Debug|iPhoneSimulator.ActiveCfg = Debug|iPhoneSimulator
		{EF2CFB4E-1A3B-42F8-865E-98F5F951965A}.Debug|iPhoneSimulator.Build.0 = Debug|iPhoneSimulator
		{EF2CFB4E-1A3B-42F8-865E-98F5F951965A}.Debug|x64.ActiveCfg = Debug|iPhone
		{EF2CFB4E-1A3B-42F8-865E-98F5F951965A}.Debug|x86.ActiveCfg = Debug|iPhone
		{EF2CFB4E-1A3B-42F8-865E-98F5F951965A}.Release|Any CPU.ActiveCfg = Release|iPhone
		{EF2CFB4E-1A3B-42F8-865E-98F5F951965A}.Release|ARM.ActiveCfg = Release|iPhone
		{EF2CFB4E-1A3B-42F8-865E-98F5F951965A}.Release|ARM64.ActiveCfg = Release|iPhone
		{EF2CFB4E-1A3B-42F8-865E-98F5F951965A}.Release|iPhone.ActiveCfg = Release|iPhone
		{EF2CFB4E-1A3B-42F8-865E-98F5F951965A}.Release|iPhone.Build.0 = Release|iPhone
		{EF2CFB4E-1A3B-42F8-865E-98F5F951965A}.Release|iPhoneSimulator.ActiveCfg = Release|iPhoneSimulator
		{EF2CFB4E-1A3B-42F8-865E-98F5F951965A}.Release|iPhoneSimulator.Build.0 = Release|iPhoneSimulator
		{EF2CFB4E-1A3B-42F8-865E-98F5F951965A}.Release|x64.ActiveCfg = Release|iPhone
		{EF2CFB4E-1A3B-42F8-865E-98F5F951965A}.Release|x86.ActiveCfg = Release|iPhone
		{1FC54C77-1D20-4982-99AD-A1B8DE92734D}.Ad-Hoc|Any CPU.ActiveCfg = Release|x64
		{1FC54C77-1D20-4982-99AD-A1B8DE92734D}.Ad-Hoc|Any CPU.Build.0 = Release|x64
		{1FC54C77-1D20-4982-99AD-A1B8DE92734D}.Ad-Hoc|Any CPU.Deploy.0 = Release|x64
		{1FC54C77-1D20-4982-99AD-A1B8DE92734D}.Ad-Hoc|ARM.ActiveCfg = Release|ARM
		{1FC54C77-1D20-4982-99AD-A1B8DE92734D}.Ad-Hoc|ARM.Build.0 = Release|ARM
		{1FC54C77-1D20-4982-99AD-A1B8DE92734D}.Ad-Hoc|ARM.Deploy.0 = Release|ARM
		{1FC54C77-1D20-4982-99AD-A1B8DE92734D}.Ad-Hoc|ARM64.ActiveCfg = Release|x64
		{1FC54C77-1D20-4982-99AD-A1B8DE92734D}.Ad-Hoc|ARM64.Build.0 = Release|x64
		{1FC54C77-1D20-4982-99AD-A1B8DE92734D}.Ad-Hoc|ARM64.Deploy.0 = Release|x64
		{1FC54C77-1D20-4982-99AD-A1B8DE92734D}.Ad-Hoc|iPhone.ActiveCfg = Release|x64
		{1FC54C77-1D20-4982-99AD-A1B8DE92734D}.Ad-Hoc|iPhone.Build.0 = Release|x64
		{1FC54C77-1D20-4982-99AD-A1B8DE92734D}.Ad-Hoc|iPhone.Deploy.0 = Release|x64
		{1FC54C77-1D20-4982-99AD-A1B8DE92734D}.Ad-Hoc|iPhoneSimulator.ActiveCfg = Release|x64
		{1FC54C77-1D20-4982-99AD-A1B8DE92734D}.Ad-Hoc|iPhoneSimulator.Build.0 = Release|x64
		{1FC54C77-1D20-4982-99AD-A1B8DE92734D}.Ad-Hoc|iPhoneSimulator.Deploy.0 = Release|x64
		{1FC54C77-1D20-4982-99AD-A1B8DE92734D}.Ad-Hoc|x64.ActiveCfg = Release|x64
		{1FC54C77-1D20-4982-99AD-A1B8DE92734D}.Ad-Hoc|x64.Build.0 = Release|x64
		{1FC54C77-1D20-4982-99AD-A1B8DE92734D}.Ad-Hoc|x64.Deploy.0 = Release|x64
		{1FC54C77-1D20-4982-99AD-A1B8DE92734D}.Ad-Hoc|x86.ActiveCfg = Release|x86
		{1FC54C77-1D20-4982-99AD-A1B8DE92734D}.Ad-Hoc|x86.Build.0 = Release|x86
		{1FC54C77-1D20-4982-99AD-A1B8DE92734D}.Ad-Hoc|x86.Deploy.0 = Release|x86
		{1FC54C77-1D20-4982-99AD-A1B8DE92734D}.AppStore|Any CPU.ActiveCfg = Release|x64
		{1FC54C77-1D20-4982-99AD-A1B8DE92734D}.AppStore|Any CPU.Build.0 = Release|x64
		{1FC54C77-1D20-4982-99AD-A1B8DE92734D}.AppStore|Any CPU.Deploy.0 = Release|x64
		{1FC54C77-1D20-4982-99AD-A1B8DE92734D}.AppStore|ARM.ActiveCfg = Release|ARM
		{1FC54C77-1D20-4982-99AD-A1B8DE92734D}.AppStore|ARM.Build.0 = Release|ARM
		{1FC54C77-1D20-4982-99AD-A1B8DE92734D}.AppStore|ARM.Deploy.0 = Release|ARM
		{1FC54C77-1D20-4982-99AD-A1B8DE92734D}.AppStore|ARM64.ActiveCfg = Release|x64
		{1FC54C77-1D20-4982-99AD-A1B8DE92734D}.AppStore|ARM64.Build.0 = Release|x64
		{1FC54C77-1D20-4982-99AD-A1B8DE92734D}.AppStore|ARM64.Deploy.0 = Release|x64
		{1FC54C77-1D20-4982-99AD-A1B8DE92734D}.AppStore|iPhone.ActiveCfg = Release|x64
		{1FC54C77-1D20-4982-99AD-A1B8DE92734D}.AppStore|iPhone.Build.0 = Release|x64
		{1FC54C77-1D20-4982-99AD-A1B8DE92734D}.AppStore|iPhone.Deploy.0 = Release|x64
		{1FC54C77-1D20-4982-99AD-A1B8DE92734D}.AppStore|iPhoneSimulator.ActiveCfg = Release|x64
		{1FC54C77-1D20-4982-99AD-A1B8DE92734D}.AppStore|iPhoneSimulator.Build.0 = Release|x64
		{1FC54C77-1D20-4982-99AD-A1B8DE92734D}.AppStore|iPhoneSimulator.Deploy.0 = Release|x64
		{1FC54C77-1D20-4982-99AD-A1B8DE92734D}.AppStore|x64.ActiveCfg = Release|x64
		{1FC54C77-1D20-4982-99AD-A1B8DE92734D}.AppStore|x64.Build.0 = Release|x64
		{1FC54C77-1D20-4982-99AD-A1B8DE92734D}.AppStore|x64.Deploy.0 = Release|x64
		{1FC54C77-1D20-4982-99AD-A1B8DE92734D}.AppStore|x86.ActiveCfg = Release|x86
		{1FC54C77-1D20-4982-99AD-A1B8DE92734D}.AppStore|x86.Build.0 = Release|x86
		{1FC54C77-1D20-4982-99AD-A1B8DE92734D}.AppStore|x86.Deploy.0 = Release|x86
		{1FC54C77-1D20-4982-99AD-A1B8DE92734D}.Debug|Any CPU.ActiveCfg = Debug|x86
		{1FC54C77-1D20-4982-99AD-A1B8DE92734D}.Debug|ARM.ActiveCfg = Debug|ARM
		{1FC54C77-1D20-4982-99AD-A1B8DE92734D}.Debug|ARM.Build.0 = Debug|ARM
		{1FC54C77-1D20-4982-99AD-A1B8DE92734D}.Debug|ARM.Deploy.0 = Debug|ARM
		{1FC54C77-1D20-4982-99AD-A1B8DE92734D}.Debug|ARM64.ActiveCfg = Debug|x86
		{1FC54C77-1D20-4982-99AD-A1B8DE92734D}.Debug|iPhone.ActiveCfg = Debug|x86
		{1FC54C77-1D20-4982-99AD-A1B8DE92734D}.Debug|iPhoneSimulator.ActiveCfg = Debug|x86
		{1FC54C77-1D20-4982-99AD-A1B8DE92734D}.Debug|x64.ActiveCfg = Debug|x64
		{1FC54C77-1D20-4982-99AD-A1B8DE92734D}.Debug|x64.Build.0 = Debug|x64
		{1FC54C77-1D20-4982-99AD-A1B8DE92734D}.Debug|x64.Deploy.0 = Debug|x64
		{1FC54C77-1D20-4982-99AD-A1B8DE92734D}.Debug|x86.ActiveCfg = Debug|x86
		{1FC54C77-1D20-4982-99AD-A1B8DE92734D}.Debug|x86.Build.0 = Debug|x86
		{1FC54C77-1D20-4982-99AD-A1B8DE92734D}.Debug|x86.Deploy.0 = Debug|x86
		{1FC54C77-1D20-4982-99AD-A1B8DE92734D}.Release|Any CPU.ActiveCfg = Release|x86
		{1FC54C77-1D20-4982-99AD-A1B8DE92734D}.Release|ARM.ActiveCfg = Release|ARM
		{1FC54C77-1D20-4982-99AD-A1B8DE92734D}.Release|ARM.Build.0 = Release|ARM
		{1FC54C77-1D20-4982-99AD-A1B8DE92734D}.Release|ARM.Deploy.0 = Release|ARM
		{1FC54C77-1D20-4982-99AD-A1B8DE92734D}.Release|ARM64.ActiveCfg = Release|x86
		{1FC54C77-1D20-4982-99AD-A1B8DE92734D}.Release|iPhone.ActiveCfg = Release|x86
		{1FC54C77-1D20-4982-99AD-A1B8DE92734D}.Release|iPhoneSimulator.ActiveCfg = Release|x86
		{1FC54C77-1D20-4982-99AD-A1B8DE92734D}.Release|x64.ActiveCfg = Release|x64
		{1FC54C77-1D20-4982-99AD-A1B8DE92734D}.Release|x64.Build.0 = Release|x64
		{1FC54C77-1D20-4982-99AD-A1B8DE92734D}.Release|x64.Deploy.0 = Release|x64
		{1FC54C77-1D20-4982-99AD-A1B8DE92734D}.Release|x86.ActiveCfg = Release|x86
		{1FC54C77-1D20-4982-99AD-A1B8DE92734D}.Release|x86.Build.0 = Release|x86
		{1FC54C77-1D20-4982-99AD-A1B8DE92734D}.Release|x86.Deploy.0 = Release|x86
		{8DBF6272-9D58-4BCB-A2AF-F775C67B9678}.Ad-Hoc|Any CPU.ActiveCfg = Debug|Any CPU
		{8DBF6272-9D58-4BCB-A2AF-F775C67B9678}.Ad-Hoc|Any CPU.Build.0 = Debug|Any CPU
		{8DBF6272-9D58-4BCB-A2AF-F775C67B9678}.Ad-Hoc|ARM.ActiveCfg = Debug|Any CPU
		{8DBF6272-9D58-4BCB-A2AF-F775C67B9678}.Ad-Hoc|ARM.Build.0 = Debug|Any CPU
		{8DBF6272-9D58-4BCB-A2AF-F775C67B9678}.Ad-Hoc|ARM64.ActiveCfg = Debug|Any CPU
		{8DBF6272-9D58-4BCB-A2AF-F775C67B9678}.Ad-Hoc|ARM64.Build.0 = Debug|Any CPU
		{8DBF6272-9D58-4BCB-A2AF-F775C67B9678}.Ad-Hoc|iPhone.ActiveCfg = Debug|Any CPU
		{8DBF6272-9D58-4BCB-A2AF-F775C67B9678}.Ad-Hoc|iPhone.Build.0 = Debug|Any CPU
		{8DBF6272-9D58-4BCB-A2AF-F775C67B9678}.Ad-Hoc|iPhoneSimulator.ActiveCfg = Debug|Any CPU
		{8DBF6272-9D58-4BCB-A2AF-F775C67B9678}.Ad-Hoc|iPhoneSimulator.Build.0 = Debug|Any CPU
		{8DBF6272-9D58-4BCB-A2AF-F775C67B9678}.Ad-Hoc|x64.ActiveCfg = Debug|Any CPU
		{8DBF6272-9D58-4BCB-A2AF-F775C67B9678}.Ad-Hoc|x64.Build.0 = Debug|Any CPU
		{8DBF6272-9D58-4BCB-A2AF-F775C67B9678}.Ad-Hoc|x86.ActiveCfg = Debug|Any CPU
		{8DBF6272-9D58-4BCB-A2AF-F775C67B9678}.Ad-Hoc|x86.Build.0 = Debug|Any CPU
		{8DBF6272-9D58-4BCB-A2AF-F775C67B9678}.AppStore|Any CPU.ActiveCfg = Debug|Any CPU
		{8DBF6272-9D58-4BCB-A2AF-F775C67B9678}.AppStore|Any CPU.Build.0 = Debug|Any CPU
		{8DBF6272-9D58-4BCB-A2AF-F775C67B9678}.AppStore|ARM.ActiveCfg = Debug|Any CPU
		{8DBF6272-9D58-4BCB-A2AF-F775C67B9678}.AppStore|ARM.Build.0 = Debug|Any CPU
		{8DBF6272-9D58-4BCB-A2AF-F775C67B9678}.AppStore|ARM64.ActiveCfg = Debug|Any CPU
		{8DBF6272-9D58-4BCB-A2AF-F775C67B9678}.AppStore|ARM64.Build.0 = Debug|Any CPU
		{8DBF6272-9D58-4BCB-A2AF-F775C67B9678}.AppStore|iPhone.ActiveCfg = Debug|Any CPU
		{8DBF6272-9D58-4BCB-A2AF-F775C67B9678}.AppStore|iPhone.Build.0 = Debug|Any CPU
		{8DBF6272-9D58-4BCB-A2AF-F775C67B9678}.AppStore|iPhoneSimulator.ActiveCfg = Debug|Any CPU
		{8DBF6272-9D58-4BCB-A2AF-F775C67B9678}.AppStore|iPhoneSimulator.Build.0 = Debug|Any CPU
		{8DBF6272-9D58-4BCB-A2AF-F775C67B9678}.AppStore|x64.ActiveCfg = Debug|Any CPU
		{8DBF6272-9D58-4BCB-A2AF-F775C67B9678}.AppStore|x64.Build.0 = Debug|Any CPU
		{8DBF6272-9D58-4BCB-A2AF-F775C67B9678}.AppStore|x86.ActiveCfg = Debug|Any CPU
		{8DBF6272-9D58-4BCB-A2AF-F775C67B9678}.AppStore|x86.Build.0 = Debug|Any CPU
		{8DBF6272-9D58-4BCB-A2AF-F775C67B9678}.Debug|Any CPU.ActiveCfg = Debug|Any CPU
		{8DBF6272-9D58-4BCB-A2AF-F775C67B9678}.Debug|Any CPU.Build.0 = Debug|Any CPU
		{8DBF6272-9D58-4BCB-A2AF-F775C67B9678}.Debug|ARM.ActiveCfg = Debug|Any CPU
		{8DBF6272-9D58-4BCB-A2AF-F775C67B9678}.Debug|ARM.Build.0 = Debug|Any CPU
		{8DBF6272-9D58-4BCB-A2AF-F775C67B9678}.Debug|ARM64.ActiveCfg = Debug|Any CPU
		{8DBF6272-9D58-4BCB-A2AF-F775C67B9678}.Debug|ARM64.Build.0 = Debug|Any CPU
		{8DBF6272-9D58-4BCB-A2AF-F775C67B9678}.Debug|iPhone.ActiveCfg = Debug|Any CPU
		{8DBF6272-9D58-4BCB-A2AF-F775C67B9678}.Debug|iPhone.Build.0 = Debug|Any CPU
		{8DBF6272-9D58-4BCB-A2AF-F775C67B9678}.Debug|iPhoneSimulator.ActiveCfg = Debug|Any CPU
		{8DBF6272-9D58-4BCB-A2AF-F775C67B9678}.Debug|iPhoneSimulator.Build.0 = Debug|Any CPU
		{8DBF6272-9D58-4BCB-A2AF-F775C67B9678}.Debug|x64.ActiveCfg = Debug|Any CPU
		{8DBF6272-9D58-4BCB-A2AF-F775C67B9678}.Debug|x64.Build.0 = Debug|Any CPU
		{8DBF6272-9D58-4BCB-A2AF-F775C67B9678}.Debug|x86.ActiveCfg = Debug|Any CPU
		{8DBF6272-9D58-4BCB-A2AF-F775C67B9678}.Debug|x86.Build.0 = Debug|Any CPU
		{8DBF6272-9D58-4BCB-A2AF-F775C67B9678}.Release|Any CPU.ActiveCfg = Release|Any CPU
		{8DBF6272-9D58-4BCB-A2AF-F775C67B9678}.Release|Any CPU.Build.0 = Release|Any CPU
		{8DBF6272-9D58-4BCB-A2AF-F775C67B9678}.Release|ARM.ActiveCfg = Release|Any CPU
		{8DBF6272-9D58-4BCB-A2AF-F775C67B9678}.Release|ARM.Build.0 = Release|Any CPU
		{8DBF6272-9D58-4BCB-A2AF-F775C67B9678}.Release|ARM64.ActiveCfg = Release|Any CPU
		{8DBF6272-9D58-4BCB-A2AF-F775C67B9678}.Release|ARM64.Build.0 = Release|Any CPU
		{8DBF6272-9D58-4BCB-A2AF-F775C67B9678}.Release|iPhone.ActiveCfg = Release|Any CPU
		{8DBF6272-9D58-4BCB-A2AF-F775C67B9678}.Release|iPhone.Build.0 = Release|Any CPU
		{8DBF6272-9D58-4BCB-A2AF-F775C67B9678}.Release|iPhoneSimulator.ActiveCfg = Release|Any CPU
		{8DBF6272-9D58-4BCB-A2AF-F775C67B9678}.Release|iPhoneSimulator.Build.0 = Release|Any CPU
		{8DBF6272-9D58-4BCB-A2AF-F775C67B9678}.Release|x64.ActiveCfg = Release|Any CPU
		{8DBF6272-9D58-4BCB-A2AF-F775C67B9678}.Release|x64.Build.0 = Release|Any CPU
		{8DBF6272-9D58-4BCB-A2AF-F775C67B9678}.Release|x86.ActiveCfg = Release|Any CPU
		{8DBF6272-9D58-4BCB-A2AF-F775C67B9678}.Release|x86.Build.0 = Release|Any CPU
	EndGlobalSection
	GlobalSection(SolutionProperties) = preSolution
		HideSolutionNode = FALSE
	EndGlobalSection
	GlobalSection(ExtensibilityGlobals) = postSolution
		SolutionGuid = {2B016D4E-36BD-4740-960A-C501AD0FB5C6}
	EndGlobalSection
EndGlobal
